// !$*UTF8*$!
{
	archiveVersion = 1;
	classes = {
	};
	objectVersion = 50;
	objects = {

/* Begin PBXBuildFile section */
		75B55BD625E2390E00BB6C29 /* PencilKitProjectApp.swift in Sources */ = {isa = PBXBuildFile; fileRef = 75B55BD525E2390E00BB6C29 /* PencilKitProjectApp.swift */; };
		75B55BD825E2390E00BB6C29 /* ContentView.swift in Sources */ = {isa = PBXBuildFile; fileRef = 75B55BD725E2390E00BB6C29 /* ContentView.swift */; };
		75B55BDA25E2390E00BB6C29 /* Assets.xcassets in Resources */ = {isa = PBXBuildFile; fileRef = 75B55BD925E2390E00BB6C29 /* Assets.xcassets */; };
		75B55BDD25E2390E00BB6C29 /* Preview Assets.xcassets in Resources */ = {isa = PBXBuildFile; fileRef = 75B55BDC25E2390E00BB6C29 /* Preview Assets.xcassets */; };
		75B55BE825E2390F00BB6C29 /* PencilKitProjectTests.swift in Sources */ = {isa = PBXBuildFile; fileRef = 75B55BE725E2390F00BB6C29 /* PencilKitProjectTests.swift */; };
		75B55BF325E2390F00BB6C29 /* PencilKitProjectUITests.swift in Sources */ = {isa = PBXBuildFile; fileRef = 75B55BF225E2390F00BB6C29 /* PencilKitProjectUITests.swift */; };
		75B55C3E25E34C1100BB6C29 /* CanvasView.swift in Sources */ = {isa = PBXBuildFile; fileRef = 75B55C3D25E34C1100BB6C29 /* CanvasView.swift */; };
/* End PBXBuildFile section */

/* Begin PBXContainerItemProxy section */
		75B55BE425E2390F00BB6C29 /* PBXContainerItemProxy */ = {
			isa = PBXContainerItemProxy;
			containerPortal = 75B55BCA25E2390E00BB6C29 /* Project object */;
			proxyType = 1;
			remoteGlobalIDString = 75B55BD125E2390E00BB6C29;
			remoteInfo = PencilKitProject;
		};
		75B55BEF25E2390F00BB6C29 /* PBXContainerItemProxy */ = {
			isa = PBXContainerItemProxy;
			containerPortal = 75B55BCA25E2390E00BB6C29 /* Project object */;
			proxyType = 1;
			remoteGlobalIDString = 75B55BD125E2390E00BB6C29;
			remoteInfo = PencilKitProject;
		};
/* End PBXContainerItemProxy section */

/* Begin PBXFileReference section */
		75B55BD225E2390E00BB6C29 /* PencilKitProject.app */ = {isa = PBXFileReference; explicitFileType = wrapper.application; includeInIndex = 0; path = PencilKitProject.app; sourceTree = BUILT_PRODUCTS_DIR; };
		75B55BD525E2390E00BB6C29 /* PencilKitProjectApp.swift */ = {isa = PBXFileReference; lastKnownFileType = sourcecode.swift; path = PencilKitProjectApp.swift; sourceTree = "<group>"; };
		75B55BD725E2390E00BB6C29 /* ContentView.swift */ = {isa = PBXFileReference; lastKnownFileType = sourcecode.swift; path = ContentView.swift; sourceTree = "<group>"; };
		75B55BD925E2390E00BB6C29 /* Assets.xcassets */ = {isa = PBXFileReference; lastKnownFileType = folder.assetcatalog; path = Assets.xcassets; sourceTree = "<group>"; };
		75B55BDC25E2390E00BB6C29 /* Preview Assets.xcassets */ = {isa = PBXFileReference; lastKnownFileType = folder.assetcatalog; path = "Preview Assets.xcassets"; sourceTree = "<group>"; };
		75B55BDE25E2390E00BB6C29 /* Info.plist */ = {isa = PBXFileReference; lastKnownFileType = text.plist.xml; path = Info.plist; sourceTree = "<group>"; };
		75B55BE325E2390F00BB6C29 /* PencilKitProjectTests.xctest */ = {isa = PBXFileReference; explicitFileType = wrapper.cfbundle; includeInIndex = 0; path = PencilKitProjectTests.xctest; sourceTree = BUILT_PRODUCTS_DIR; };
		75B55BE725E2390F00BB6C29 /* PencilKitProjectTests.swift */ = {isa = PBXFileReference; lastKnownFileType = sourcecode.swift; path = PencilKitProjectTests.swift; sourceTree = "<group>"; };
		75B55BE925E2390F00BB6C29 /* Info.plist */ = {isa = PBXFileReference; lastKnownFileType = text.plist.xml; path = Info.plist; sourceTree = "<group>"; };
		75B55BEE25E2390F00BB6C29 /* PencilKitProjectUITests.xctest */ = {isa = PBXFileReference; explicitFileType = wrapper.cfbundle; includeInIndex = 0; path = PencilKitProjectUITests.xctest; sourceTree = BUILT_PRODUCTS_DIR; };
		75B55BF225E2390F00BB6C29 /* PencilKitProjectUITests.swift */ = {isa = PBXFileReference; lastKnownFileType = sourcecode.swift; path = PencilKitProjectUITests.swift; sourceTree = "<group>"; };
		75B55BF425E2390F00BB6C29 /* Info.plist */ = {isa = PBXFileReference; lastKnownFileType = text.plist.xml; path = Info.plist; sourceTree = "<group>"; };
		75B55C3D25E34C1100BB6C29 /* CanvasView.swift */ = {isa = PBXFileReference; lastKnownFileType = sourcecode.swift; path = CanvasView.swift; sourceTree = "<group>"; };
/* End PBXFileReference section */

/* Begin PBXFrameworksBuildPhase section */
		75B55BCF25E2390E00BB6C29 /* Frameworks */ = {
			isa = PBXFrameworksBuildPhase;
			buildActionMask = 2147483647;
			files = (
			);
			runOnlyForDeploymentPostprocessing = 0;
		};
		75B55BE025E2390F00BB6C29 /* Frameworks */ = {
			isa = PBXFrameworksBuildPhase;
			buildActionMask = 2147483647;
			files = (
			);
			runOnlyForDeploymentPostprocessing = 0;
		};
		75B55BEB25E2390F00BB6C29 /* Frameworks */ = {
			isa = PBXFrameworksBuildPhase;
			buildActionMask = 2147483647;
			files = (
			);
			runOnlyForDeploymentPostprocessing = 0;
		};
/* End PBXFrameworksBuildPhase section */

/* Begin PBXGroup section */
		75B55BC925E2390E00BB6C29 = {
			isa = PBXGroup;
			children = (
				75B55BD425E2390E00BB6C29 /* PencilKitProject */,
				75B55BE625E2390F00BB6C29 /* PencilKitProjectTests */,
				75B55BF125E2390F00BB6C29 /* PencilKitProjectUITests */,
				75B55BD325E2390E00BB6C29 /* Products */,
			);
			sourceTree = "<group>";
		};
		75B55BD325E2390E00BB6C29 /* Products */ = {
			isa = PBXGroup;
			children = (
				75B55BD225E2390E00BB6C29 /* PencilKitProject.app */,
				75B55BE325E2390F00BB6C29 /* PencilKitProjectTests.xctest */,
				75B55BEE25E2390F00BB6C29 /* PencilKitProjectUITests.xctest */,
			);
			name = Products;
			sourceTree = "<group>";
		};
		75B55BD425E2390E00BB6C29 /* PencilKitProject */ = {
			isa = PBXGroup;
			children = (
				75B55BD525E2390E00BB6C29 /* PencilKitProjectApp.swift */,
				75B55BD725E2390E00BB6C29 /* ContentView.swift */,
				75B55C3D25E34C1100BB6C29 /* CanvasView.swift */,
				75B55BD925E2390E00BB6C29 /* Assets.xcassets */,
				75B55BDE25E2390E00BB6C29 /* Info.plist */,
				75B55BDB25E2390E00BB6C29 /* Preview Content */,
			);
			path = PencilKitProject;
			sourceTree = "<group>";
		};
		75B55BDB25E2390E00BB6C29 /* Preview Content */ = {
			isa = PBXGroup;
			children = (
				75B55BDC25E2390E00BB6C29 /* Preview Assets.xcassets */,
			);
			path = "Preview Content";
			sourceTree = "<group>";
		};
		75B55BE625E2390F00BB6C29 /* PencilKitProjectTests */ = {
			isa = PBXGroup;
			children = (
				75B55BE725E2390F00BB6C29 /* PencilKitProjectTests.swift */,
				75B55BE925E2390F00BB6C29 /* Info.plist */,
			);
			path = PencilKitProjectTests;
			sourceTree = "<group>";
		};
		75B55BF125E2390F00BB6C29 /* PencilKitProjectUITests */ = {
			isa = PBXGroup;
			children = (
				75B55BF225E2390F00BB6C29 /* PencilKitProjectUITests.swift */,
				75B55BF425E2390F00BB6C29 /* Info.plist */,
			);
			path = PencilKitProjectUITests;
			sourceTree = "<group>";
		};
/* End PBXGroup section */

/* Begin PBXNativeTarget section */
		75B55BD125E2390E00BB6C29 /* PencilKitProject */ = {
			isa = PBXNativeTarget;
			buildConfigurationList = 75B55BF725E2390F00BB6C29 /* Build configuration list for PBXNativeTarget "PencilKitProject" */;
			buildPhases = (
				75B55BCE25E2390E00BB6C29 /* Sources */,
				75B55BCF25E2390E00BB6C29 /* Frameworks */,
				75B55BD025E2390E00BB6C29 /* Resources */,
			);
			buildRules = (
			);
			dependencies = (
			);
			name = PencilKitProject;
			productName = PencilKitProject;
			productReference = 75B55BD225E2390E00BB6C29 /* PencilKitProject.app */;
			productType = "com.apple.product-type.application";
		};
		75B55BE225E2390F00BB6C29 /* PencilKitProjectTests */ = {
			isa = PBXNativeTarget;
			buildConfigurationList = 75B55BFA25E2390F00BB6C29 /* Build configuration list for PBXNativeTarget "PencilKitProjectTests" */;
			buildPhases = (
				75B55BDF25E2390F00BB6C29 /* Sources */,
				75B55BE025E2390F00BB6C29 /* Frameworks */,
				75B55BE125E2390F00BB6C29 /* Resources */,
			);
			buildRules = (
			);
			dependencies = (
				75B55BE525E2390F00BB6C29 /* PBXTargetDependency */,
			);
			name = PencilKitProjectTests;
			productName = PencilKitProjectTests;
			productReference = 75B55BE325E2390F00BB6C29 /* PencilKitProjectTests.xctest */;
			productType = "com.apple.product-type.bundle.unit-test";
		};
		75B55BED25E2390F00BB6C29 /* PencilKitProjectUITests */ = {
			isa = PBXNativeTarget;
			buildConfigurationList = 75B55BFD25E2390F00BB6C29 /* Build configuration list for PBXNativeTarget "PencilKitProjectUITests" */;
			buildPhases = (
				75B55BEA25E2390F00BB6C29 /* Sources */,
				75B55BEB25E2390F00BB6C29 /* Frameworks */,
				75B55BEC25E2390F00BB6C29 /* Resources */,
			);
			buildRules = (
			);
			dependencies = (
				75B55BF025E2390F00BB6C29 /* PBXTargetDependency */,
			);
			name = PencilKitProjectUITests;
			productName = PencilKitProjectUITests;
			productReference = 75B55BEE25E2390F00BB6C29 /* PencilKitProjectUITests.xctest */;
			productType = "com.apple.product-type.bundle.ui-testing";
		};
/* End PBXNativeTarget section */

/* Begin PBXProject section */
		75B55BCA25E2390E00BB6C29 /* Project object */ = {
			isa = PBXProject;
			attributes = {
				LastSwiftUpdateCheck = 1240;
				LastUpgradeCheck = 1240;
				TargetAttributes = {
					75B55BD125E2390E00BB6C29 = {
						CreatedOnToolsVersion = 12.4;
					};
					75B55BE225E2390F00BB6C29 = {
						CreatedOnToolsVersion = 12.4;
						TestTargetID = 75B55BD125E2390E00BB6C29;
					};
					75B55BED25E2390F00BB6C29 = {
						CreatedOnToolsVersion = 12.4;
						TestTargetID = 75B55BD125E2390E00BB6C29;
					};
				};
			};
			buildConfigurationList = 75B55BCD25E2390E00BB6C29 /* Build configuration list for PBXProject "PencilKitProject" */;
			compatibilityVersion = "Xcode 9.3";
			developmentRegion = en;
			hasScannedForEncodings = 0;
			knownRegions = (
				en,
				Base,
			);
			mainGroup = 75B55BC925E2390E00BB6C29;
			productRefGroup = 75B55BD325E2390E00BB6C29 /* Products */;
			projectDirPath = "";
			projectRoot = "";
			targets = (
				75B55BD125E2390E00BB6C29 /* PencilKitProject */,
				75B55BE225E2390F00BB6C29 /* PencilKitProjectTests */,
				75B55BED25E2390F00BB6C29 /* PencilKitProjectUITests */,
			);
		};
/* End PBXProject section */

/* Begin PBXResourcesBuildPhase section */
		75B55BD025E2390E00BB6C29 /* Resources */ = {
			isa = PBXResourcesBuildPhase;
			buildActionMask = 2147483647;
			files = (
				75B55BDD25E2390E00BB6C29 /* Preview Assets.xcassets in Resources */,
				75B55BDA25E2390E00BB6C29 /* Assets.xcassets in Resources */,
			);
			runOnlyForDeploymentPostprocessing = 0;
		};
		75B55BE125E2390F00BB6C29 /* Resources */ = {
			isa = PBXResourcesBuildPhase;
			buildActionMask = 2147483647;
			files = (
			);
			runOnlyForDeploymentPostprocessing = 0;
		};
		75B55BEC25E2390F00BB6C29 /* Resources */ = {
			isa = PBXResourcesBuildPhase;
			buildActionMask = 2147483647;
			files = (
			);
			runOnlyForDeploymentPostprocessing = 0;
		};
/* End PBXResourcesBuildPhase section */

/* Begin PBXSourcesBuildPhase section */
		75B55BCE25E2390E00BB6C29 /* Sources */ = {
			isa = PBXSourcesBuildPhase;
			buildActionMask = 2147483647;
			files = (
				75B55BD825E2390E00BB6C29 /* ContentView.swift in Sources */,
				75B55BD625E2390E00BB6C29 /* PencilKitProjectApp.swift in Sources */,
				75B55C3E25E34C1100BB6C29 /* CanvasView.swift in Sources */,
			);
			runOnlyForDeploymentPostprocessing = 0;
		};
		75B55BDF25E2390F00BB6C29 /* Sources */ = {
			isa = PBXSourcesBuildPhase;
			buildActionMask = 2147483647;
			files = (
				75B55BE825E2390F00BB6C29 /* PencilKitProjectTests.swift in Sources */,
			);
			runOnlyForDeploymentPostprocessing = 0;
		};
		75B55BEA25E2390F00BB6C29 /* Sources */ = {
			isa = PBXSourcesBuildPhase;
			buildActionMask = 2147483647;
			files = (
				75B55BF325E2390F00BB6C29 /* PencilKitProjectUITests.swift in Sources */,
			);
			runOnlyForDeploymentPostprocessing = 0;
		};
/* End PBXSourcesBuildPhase section */

/* Begin PBXTargetDependency section */
		75B55BE525E2390F00BB6C29 /* PBXTargetDependency */ = {
			isa = PBXTargetDependency;
			target = 75B55BD125E2390E00BB6C29 /* PencilKitProject */;
			targetProxy = 75B55BE425E2390F00BB6C29 /* PBXContainerItemProxy */;
		};
		75B55BF025E2390F00BB6C29 /* PBXTargetDependency */ = {
			isa = PBXTargetDependency;
			target = 75B55BD125E2390E00BB6C29 /* PencilKitProject */;
			targetProxy = 75B55BEF25E2390F00BB6C29 /* PBXContainerItemProxy */;
		};
/* End PBXTargetDependency section */

/* Begin XCBuildConfiguration section */
		75B55BF525E2390F00BB6C29 /* Debug */ = {
			isa = XCBuildConfiguration;
			buildSettings = {
				ALWAYS_SEARCH_USER_PATHS = NO;
				CLANG_ANALYZER_NONNULL = YES;
				CLANG_ANALYZER_NUMBER_OBJECT_CONVERSION = YES_AGGRESSIVE;
				CLANG_CXX_LANGUAGE_STANDARD = "gnu++14";
				CLANG_CXX_LIBRARY = "libc++";
				CLANG_ENABLE_MODULES = YES;
				CLANG_ENABLE_OBJC_ARC = YES;
				CLANG_ENABLE_OBJC_WEAK = YES;
				CLANG_WARN_BLOCK_CAPTURE_AUTORELEASING = YES;
				CLANG_WARN_BOOL_CONVERSION = YES;
				CLANG_WARN_COMMA = YES;
				CLANG_WARN_CONSTANT_CONVERSION = YES;
				CLANG_WARN_DEPRECATED_OBJC_IMPLEMENTATIONS = YES;
				CLANG_WARN_DIRECT_OBJC_ISA_USAGE = YES_ERROR;
				CLANG_WARN_DOCUMENTATION_COMMENTS = YES;
				CLANG_WARN_EMPTY_BODY = YES;
				CLANG_WARN_ENUM_CONVERSION = YES;
				CLANG_WARN_INFINITE_RECURSION = YES;
				CLANG_WARN_INT_CONVERSION = YES;
				CLANG_WARN_NON_LITERAL_NULL_CONVERSION = YES;
				CLANG_WARN_OBJC_IMPLICIT_RETAIN_SELF = YES;
				CLANG_WARN_OBJC_LITERAL_CONVERSION = YES;
				CLANG_WARN_OBJC_ROOT_CLASS = YES_ERROR;
				CLANG_WARN_QUOTED_INCLUDE_IN_FRAMEWORK_HEADER = YES;
				CLANG_WARN_RANGE_LOOP_ANALYSIS = YES;
				CLANG_WARN_STRICT_PROTOTYPES = YES;
				CLANG_WARN_SUSPICIOUS_MOVE = YES;
				CLANG_WARN_UNGUARDED_AVAILABILITY = YES_AGGRESSIVE;
				CLANG_WARN_UNREACHABLE_CODE = YES;
				CLANG_WARN__DUPLICATE_METHOD_MATCH = YES;
				COPY_PHASE_STRIP = NO;
				DEBUG_INFORMATION_FORMAT = dwarf;
				ENABLE_STRICT_OBJC_MSGSEND = YES;
				ENABLE_TESTABILITY = YES;
				GCC_C_LANGUAGE_STANDARD = gnu11;
				GCC_DYNAMIC_NO_PIC = NO;
				GCC_NO_COMMON_BLOCKS = YES;
				GCC_OPTIMIZATION_LEVEL = 0;
				GCC_PREPROCESSOR_DEFINITIONS = (
					"DEBUG=1",
					"$(inherited)",
				);
				GCC_WARN_64_TO_32_BIT_CONVERSION = YES;
				GCC_WARN_ABOUT_RETURN_TYPE = YES_ERROR;
				GCC_WARN_UNDECLARED_SELECTOR = YES;
				GCC_WARN_UNINITIALIZED_AUTOS = YES_AGGRESSIVE;
				GCC_WARN_UNUSED_FUNCTION = YES;
				GCC_WARN_UNUSED_VARIABLE = YES;
				IPHONEOS_DEPLOYMENT_TARGET = 14.4;
				MTL_ENABLE_DEBUG_INFO = INCLUDE_SOURCE;
				MTL_FAST_MATH = YES;
				ONLY_ACTIVE_ARCH = YES;
				SDKROOT = iphoneos;
				SWIFT_ACTIVE_COMPILATION_CONDITIONS = DEBUG;
				SWIFT_OPTIMIZATION_LEVEL = "-Onone";
			};
			name = Debug;
		};
		75B55BF625E2390F00BB6C29 /* Release */ = {
			isa = XCBuildConfiguration;
			buildSettings = {
				ALWAYS_SEARCH_USER_PATHS = NO;
				CLANG_ANALYZER_NONNULL = YES;
				CLANG_ANALYZER_NUMBER_OBJECT_CONVERSION = YES_AGGRESSIVE;
				CLANG_CXX_LANGUAGE_STANDARD = "gnu++14";
				CLANG_CXX_LIBRARY = "libc++";
				CLANG_ENABLE_MODULES = YES;
				CLANG_ENABLE_OBJC_ARC = YES;
				CLANG_ENABLE_OBJC_WEAK = YES;
				CLANG_WARN_BLOCK_CAPTURE_AUTORELEASING = YES;
				CLANG_WARN_BOOL_CONVERSION = YES;
				CLANG_WARN_COMMA = YES;
				CLANG_WARN_CONSTANT_CONVERSION = YES;
				CLANG_WARN_DEPRECATED_OBJC_IMPLEMENTATIONS = YES;
				CLANG_WARN_DIRECT_OBJC_ISA_USAGE = YES_ERROR;
				CLANG_WARN_DOCUMENTATION_COMMENTS = YES;
				CLANG_WARN_EMPTY_BODY = YES;
				CLANG_WARN_ENUM_CONVERSION = YES;
				CLANG_WARN_INFINITE_RECURSION = YES;
				CLANG_WARN_INT_CONVERSION = YES;
				CLANG_WARN_NON_LITERAL_NULL_CONVERSION = YES;
				CLANG_WARN_OBJC_IMPLICIT_RETAIN_SELF = YES;
				CLANG_WARN_OBJC_LITERAL_CONVERSION = YES;
				CLANG_WARN_OBJC_ROOT_CLASS = YES_ERROR;
				CLANG_WARN_QUOTED_INCLUDE_IN_FRAMEWORK_HEADER = YES;
				CLANG_WARN_RANGE_LOOP_ANALYSIS = YES;
				CLANG_WARN_STRICT_PROTOTYPES = YES;
				CLANG_WARN_SUSPICIOUS_MOVE = YES;
				CLANG_WARN_UNGUARDED_AVAILABILITY = YES_AGGRESSIVE;
				CLANG_WARN_UNREACHABLE_CODE = YES;
				CLANG_WARN__DUPLICATE_METHOD_MATCH = YES;
				COPY_PHASE_STRIP = NO;
				DEBUG_INFORMATION_FORMAT = "dwarf-with-dsym";
				ENABLE_NS_ASSERTIONS = NO;
				ENABLE_STRICT_OBJC_MSGSEND = YES;
				GCC_C_LANGUAGE_STANDARD = gnu11;
				GCC_NO_COMMON_BLOCKS = YES;
				GCC_WARN_64_TO_32_BIT_CONVERSION = YES;
				GCC_WARN_ABOUT_RETURN_TYPE = YES_ERROR;
				GCC_WARN_UNDECLARED_SELECTOR = YES;
				GCC_WARN_UNINITIALIZED_AUTOS = YES_AGGRESSIVE;
				GCC_WARN_UNUSED_FUNCTION = YES;
				GCC_WARN_UNUSED_VARIABLE = YES;
				IPHONEOS_DEPLOYMENT_TARGET = 14.4;
				MTL_ENABLE_DEBUG_INFO = NO;
				MTL_FAST_MATH = YES;
				SDKROOT = iphoneos;
				SWIFT_COMPILATION_MODE = wholemodule;
				SWIFT_OPTIMIZATION_LEVEL = "-O";
				VALIDATE_PRODUCT = YES;
			};
			name = Release;
		};
		75B55BF825E2390F00BB6C29 /* Debug */ = {
			isa = XCBuildConfiguration;
			buildSettings = {
				ASSETCATALOG_COMPILER_APPICON_NAME = AppIcon;
				ASSETCATALOG_COMPILER_GLOBAL_ACCENT_COLOR_NAME = AccentColor;
				CODE_SIGN_STYLE = Automatic;
				DEVELOPMENT_ASSET_PATHS = "\"PencilKitProject/Preview Content\"";
				DEVELOPMENT_TEAM = NHNAHB2493;
				ENABLE_PREVIEWS = YES;
				INFOPLIST_FILE = PencilKitProject/Info.plist;
				IPHONEOS_DEPLOYMENT_TARGET = 14.0;
				LD_RUNPATH_SEARCH_PATHS = (
					"$(inherited)",
					"@executable_path/Frameworks",
				);
				PRODUCT_BUNDLE_IDENTIFIER = test.PencilKitProject;
				PRODUCT_NAME = "$(TARGET_NAME)";
				SWIFT_VERSION = 5.0;
				TARGETED_DEVICE_FAMILY = "1,2";
			};
			name = Debug;
		};
		75B55BF925E2390F00BB6C29 /* Release */ = {
			isa = XCBuildConfiguration;
			buildSettings = {
				ASSETCATALOG_COMPILER_APPICON_NAME = AppIcon;
				ASSETCATALOG_COMPILER_GLOBAL_ACCENT_COLOR_NAME = AccentColor;
				CODE_SIGN_STYLE = Automatic;
				DEVELOPMENT_ASSET_PATHS = "\"PencilKitProject/Preview Content\"";
				DEVELOPMENT_TEAM = NHNAHB2493;
				ENABLE_PREVIEWS = YES;
				INFOPLIST_FILE = PencilKitProject/Info.plist;
				IPHONEOS_DEPLOYMENT_TARGET = 14.0;
				LD_RUNPATH_SEARCH_PATHS = (
					"$(inherited)",
					"@executable_path/Frameworks",
				);
				PRODUCT_BUNDLE_IDENTIFIER = test.PencilKitProject;
				PRODUCT_NAME = "$(TARGET_NAME)";
				SWIFT_VERSION = 5.0;
				TARGETED_DEVICE_FAMILY = "1,2";
			};
			name = Release;
		};
		75B55BFB25E2390F00BB6C29 /* Debug */ = {
			isa = XCBuildConfiguration;
			buildSettings = {
				ALWAYS_EMBED_SWIFT_STANDARD_LIBRARIES = YES;
				BUNDLE_LOADER = "$(TEST_HOST)";
				CODE_SIGN_STYLE = Automatic;
				INFOPLIST_FILE = PencilKitProjectTests/Info.plist;
				IPHONEOS_DEPLOYMENT_TARGET = 14.0;
				LD_RUNPATH_SEARCH_PATHS = (
					"$(inherited)",
					"@executable_path/Frameworks",
					"@loader_path/Frameworks",
				);
				PRODUCT_BUNDLE_IDENTIFIER = test.PencilKitProjectTests;
				PRODUCT_NAME = "$(TARGET_NAME)";
				SWIFT_VERSION = 5.0;
				TARGETED_DEVICE_FAMILY = "1,2";
				TEST_HOST = "$(BUILT_PRODUCTS_DIR)/PencilKitProject.app/PencilKitProject";
			};
			name = Debug;
		};
		75B55BFC25E2390F00BB6C29 /* Release */ = {
			isa = XCBuildConfiguration;
			buildSettings = {
				ALWAYS_EMBED_SWIFT_STANDARD_LIBRARIES = YES;
				BUNDLE_LOADER = "$(TEST_HOST)";
				CODE_SIGN_STYLE = Automatic;
				INFOPLIST_FILE = PencilKitProjectTests/Info.plist;
				IPHONEOS_DEPLOYMENT_TARGET = 14.0;
				LD_RUNPATH_SEARCH_PATHS = (
					"$(inherited)",
					"@executable_path/Frameworks",
					"@loader_path/Frameworks",
				);
				PRODUCT_BUNDLE_IDENTIFIER = test.PencilKitProjectTests;
				PRODUCT_NAME = "$(TARGET_NAME)";
				SWIFT_VERSION = 5.0;
				TARGETED_DEVICE_FAMILY = "1,2";
				TEST_HOST = "$(BUILT_PRODUCTS_DIR)/PencilKitProject.app/PencilKitProject";
			};
			name = Release;
		};
		75B55BFE25E2390F00BB6C29 /* Debug */ = {
			isa = XCBuildConfiguration;
			buildSettings = {
				ALWAYS_EMBED_SWIFT_STANDARD_LIBRARIES = YES;
				CODE_SIGN_STYLE = Automatic;
				INFOPLIST_FILE = PencilKitProjectUITests/Info.plist;
				LD_RUNPATH_SEARCH_PATHS = (
					"$(inherited)",
					"@executable_path/Frameworks",
					"@loader_path/Frameworks",
				);
				PRODUCT_BUNDLE_IDENTIFIER = test.PencilKitProjectUITests;
				PRODUCT_NAME = "$(TARGET_NAME)";
				SWIFT_VERSION = 5.0;
				TARGETED_DEVICE_FAMILY = "1,2";
				TEST_TARGET_NAME = PencilKitProject;
			};
			name = Debug;
		};
		75B55BFF25E2390F00BB6C29 /* Release */ = {
			isa = XCBuildConfiguration;
			buildSettings = {
				ALWAYS_EMBED_SWIFT_STANDARD_LIBRARIES = YES;
				CODE_SIGN_STYLE = Automatic;
				INFOPLIST_FILE = PencilKitProjectUITests/Info.plist;
				LD_RUNPATH_SEARCH_PATHS = (
					"$(inherited)",
					"@executable_path/Frameworks",
					"@loader_path/Frameworks",
				);
				PRODUCT_BUNDLE_IDENTIFIER = test.PencilKitProjectUITests;
				PRODUCT_NAME = "$(TARGET_NAME)";
				SWIFT_VERSION = 5.0;
				TARGETED_DEVICE_FAMILY = "1,2";
				TEST_TARGET_NAME = PencilKitProject;
			};
			name = Release;
		};
/* End XCBuildConfiguration section */

/* Begin XCConfigurationList section */
		75B55BCD25E2390E00BB6C29 /* Build configuration list for PBXProject "PencilKitProject" */ = {
			isa = XCConfigurationList;
			buildConfigurations = (
				75B55BF525E2390F00BB6C29 /* Debug */,
				75B55BF625E2390F00BB6C29 /* Release */,
			);
			defaultConfigurationIsVisible = 0;
			defaultConfigurationName = Release;
		};
		75B55BF725E2390F00BB6C29 /* Build configuration list for PBXNativeTarget "PencilKitProject" */ = {
			isa = XCConfigurationList;
			buildConfigurations = (
				75B55BF825E2390F00BB6C29 /* Debug */,
				75B55BF925E2390F00BB6C29 /* Release */,
			);
			defaultConfigurationIsVisible = 0;
			defaultConfigurationName = Release;
		};
		75B55BFA25E2390F00BB6C29 /* Build configuration list for PBXNativeTarget "PencilKitProjectTests" */ = {
			isa = XCConfigurationList;
			buildConfigurations = (
				75B55BFB25E2390F00BB6C29 /* Debug */,
				75B55BFC25E2390F00BB6C29 /* Release */,
			);
			defaultConfigurationIsVisible = 0;
			defaultConfigurationName = Release;
		};
		75B55BFD25E2390F00BB6C29 /* Build configuration list for PBXNativeTarget "PencilKitProjectUITests" */ = {
			isa = XCConfigurationList;
			buildConfigurations = (
				75B55BFE25E2390F00BB6C29 /* Debug */,
				75B55BFF25E2390F00BB6C29 /* Release */,
			);
			defaultConfigurationIsVisible = 0;
			defaultConfigurationName = Release;
		};
/* End XCConfigurationList section */
	};
	rootObject = 75B55BCA25E2390E00BB6C29 /* Project object */;
}
