PODS:
  - SwiftSH (0.1.2):
    - SwiftSH/Libssh2 (= 0.1.2)
  - SwiftSH/Core (0.1.2)
  - SwiftSH/Libssh2 (0.1.2):
    - SwiftSH/Core

DEPENDENCIES:
  - SwiftSH

SPEC REPOS:
  trunk:
    - SwiftSH

SPEC CHECKSUMS:
  SwiftSH: 5d3c95b23093106d18c527ce9c175a5733e3e86e

PODFILE CHECKSUM: 95c39e672d20fecbae129fc4b7a9adea42be48d2

COCOAPODS: 1.10.1
