// !$*UTF8*$!
{
	archiveVersion = 1;
	classes = {
	};
	objectVersion = 52;
	objects = {

/* Begin PBXBuildFile section */
		1A24CDC025D4B15F0044044F /* SwiftTerm in Frameworks */ = {isa = PBXBuildFile; productRef = 1A24CDBF25D4B15F0044044F /* SwiftTerm */; };
		1A24CDCD25D4CE130044044F /* SSHConnection.swift in Sources */ = {isa = PBXBuildFile; fileRef = 1A24CDCC25D4CE130044044F /* SSHConnection.swift */; };
		1A64C88C25CA2EE50082FEA7 /* LaputaApp.swift in Sources */ = {isa = PBXBuildFile; fileRef = 1A64C88B25CA2EE50082FEA7 /* LaputaApp.swift */; };
		1A64C88E25CA2EE50082FEA7 /* ContentView.swift in Sources */ = {isa = PBXBuildFile; fileRef = 1A64C88D25CA2EE50082FEA7 /* ContentView.swift */; };
		1A64C89025CA2EE80082FEA7 /* Assets.xcassets in Resources */ = {isa = PBXBuildFile; fileRef = 1A64C88F25CA2EE80082FEA7 /* Assets.xcassets */; };
		1A64C89325CA2EE80082FEA7 /* Preview Assets.xcassets in Resources */ = {isa = PBXBuildFile; fileRef = 1A64C89225CA2EE80082FEA7 /* Preview Assets.xcassets */; };
		1A64C89525CA2EE80082FEA7 /* Persistence.swift in Sources */ = {isa = PBXBuildFile; fileRef = 1A64C89425CA2EE80082FEA7 /* Persistence.swift */; };
		1A64C89825CA2EE80082FEA7 /* Laputa.xcdatamodeld in Sources */ = {isa = PBXBuildFile; fileRef = 1A64C89625CA2EE80082FEA7 /* Laputa.xcdatamodeld */; };
		1A64C8A325CA2EE80082FEA7 /* LaputaTests.swift in Sources */ = {isa = PBXBuildFile; fileRef = 1A64C8A225CA2EE80082FEA7 /* LaputaTests.swift */; };
		1A64C8AE25CA2EE80082FEA7 /* LaputaUITests.swift in Sources */ = {isa = PBXBuildFile; fileRef = 1A64C8AD25CA2EE80082FEA7 /* LaputaUITests.swift */; };
		1A83264825EF300300C03A2C /* CodeCardTerminal.swift in Sources */ = {isa = PBXBuildFile; fileRef = 1A83264725EF300300C03A2C /* CodeCardTerminal.swift */; };
		1A83264D25EF308500C03A2C /* CodeCardTerminalViewController.swift in Sources */ = {isa = PBXBuildFile; fileRef = 1A83264C25EF308500C03A2C /* CodeCardTerminalViewController.swift */; };
		23F192D5AE739BB2FDEBB3D4 /* Pods_LaputaTests.framework in Frameworks */ = {isa = PBXBuildFile; fileRef = 3F5EBF63A92A5021A9EE7A6F /* Pods_LaputaTests.framework */; };
		2BA672215609DFF0D9069934 /* Pods_Laputa.framework in Frameworks */ = {isa = PBXBuildFile; fileRef = 9C5FAA47EB2A9210EEE0DB17 /* Pods_Laputa.framework */; };
		584E47B325D39A49005EDC0E /* MainPageView.swift in Sources */ = {isa = PBXBuildFile; fileRef = 584E47B225D39A49005EDC0E /* MainPageView.swift */; };
		584E47BE25D39EAF005EDC0E /* MainPageList.swift in Sources */ = {isa = PBXBuildFile; fileRef = 584E47BD25D39EAF005EDC0E /* MainPageList.swift */; };
		584E47C325D63214005EDC0E /* TestView.swift in Sources */ = {isa = PBXBuildFile; fileRef = 584E47C225D63214005EDC0E /* TestView.swift */; };
		584E47C825D6382C005EDC0E /* MainPageColumnView.swift in Sources */ = {isa = PBXBuildFile; fileRef = 584E47C725D6382C005EDC0E /* MainPageColumnView.swift */; };
		584E47CD25D8BCD8005EDC0E /* MainPagePreview.swift in Sources */ = {isa = PBXBuildFile; fileRef = 584E47CC25D8BCD8005EDC0E /* MainPagePreview.swift */; };
		584E47D225D8CA48005EDC0E /* MainPageDetail.swift in Sources */ = {isa = PBXBuildFile; fileRef = 584E47D125D8CA48005EDC0E /* MainPageDetail.swift */; };
		584E47DA25DCDC0A005EDC0E /* EntityInputView.swift in Sources */ = {isa = PBXBuildFile; fileRef = 584E47D925DCDC0A005EDC0E /* EntityInputView.swift */; };
		584E47E225DCEFEC005EDC0E /* InputHostView.swift in Sources */ = {isa = PBXBuildFile; fileRef = 584E47E125DCEFEC005EDC0E /* InputHostView.swift */; };
		584E47E725DCF523005EDC0E /* InputCanvasView.swift in Sources */ = {isa = PBXBuildFile; fileRef = 584E47E625DCF523005EDC0E /* InputCanvasView.swift */; };
		584E47F325E209AF005EDC0E /* SessionPageView.swift in Sources */ = {isa = PBXBuildFile; fileRef = 584E47F225E209AF005EDC0E /* SessionPageView.swift */; };
		585B34C825E370040095DD2C /* SelectCanvasView.swift in Sources */ = {isa = PBXBuildFile; fileRef = 585B34C725E370040095DD2C /* SelectCanvasView.swift */; };
		589AC31025F48D8700405E20 /* Host+CoreDataClass.swift in Sources */ = {isa = PBXBuildFile; fileRef = 589AC30E25F48D8700405E20 /* Host+CoreDataClass.swift */; };
		589AC31125F48D8700405E20 /* Host+CoreDataProperties.swift in Sources */ = {isa = PBXBuildFile; fileRef = 589AC30F25F48D8700405E20 /* Host+CoreDataProperties.swift */; };
		75652E9B25E9D6580069FF0B /* PencilKitDrawingView.swift in Sources */ = {isa = PBXBuildFile; fileRef = 75652E9A25E9D6580069FF0B /* PencilKitDrawingView.swift */; };
		759EA4FC25D4C5BD00560D98 /* SSHTerminalViewController.swift in Sources */ = {isa = PBXBuildFile; fileRef = 759EA4FB25D4C5BD00560D98 /* SSHTerminalViewController.swift */; };
		759EA50125D4C68400560D98 /* DataStructs.swift in Sources */ = {isa = PBXBuildFile; fileRef = 759EA50025D4C68400560D98 /* DataStructs.swift */; };
		759EA50625D4C9ED00560D98 /* SSHTerminalView.swift in Sources */ = {isa = PBXBuildFile; fileRef = 759EA50525D4C9ED00560D98 /* SSHTerminalView.swift */; };
		9C488E2625D0DCBA00662F1E /* CanvasView.swift in Sources */ = {isa = PBXBuildFile; fileRef = 9C488E2525D0DCBA00662F1E /* CanvasView.swift */; };
		9C488E3225D1081C00662F1E /* CodeCardView.swift in Sources */ = {isa = PBXBuildFile; fileRef = 9C488E3125D1081C00662F1E /* CodeCardView.swift */; };
		9C7B158625F18FB500E88B09 /* CodeCard+CoreDataClass.swift in Sources */ = {isa = PBXBuildFile; fileRef = 9C7B158425F18FB500E88B09 /* CodeCard+CoreDataClass.swift */; };
		9C7B158725F18FB500E88B09 /* CodeCard+CoreDataProperties.swift in Sources */ = {isa = PBXBuildFile; fileRef = 9C7B158525F18FB500E88B09 /* CodeCard+CoreDataProperties.swift */; };
		9C7B159025F1901D00E88B09 /* Canvas+CoreDataClass.swift in Sources */ = {isa = PBXBuildFile; fileRef = 9C7B158E25F1901D00E88B09 /* Canvas+CoreDataClass.swift */; };
		9C7B159125F1901D00E88B09 /* Canvas+CoreDataProperties.swift in Sources */ = {isa = PBXBuildFile; fileRef = 9C7B158F25F1901D00E88B09 /* Canvas+CoreDataProperties.swift */; };
		9C7B15AC25F1E1D400E88B09 /* SelectHostView.swift in Sources */ = {isa = PBXBuildFile; fileRef = 9C7B15AB25F1E1D400E88B09 /* SelectHostView.swift */; };
		9C7B160125F4950600E88B09 /* HostList.swift in Sources */ = {isa = PBXBuildFile; fileRef = 9C7B160025F4950600E88B09 /* HostList.swift */; };
		9C7B160625F4951000E88B09 /* CanvasList.swift in Sources */ = {isa = PBXBuildFile; fileRef = 9C7B160525F4951000E88B09 /* CanvasList.swift */; };
		9CD65B1C25F89DB500089E91 /* MainPageHeaderView.swift in Sources */ = {isa = PBXBuildFile; fileRef = 9CD65B1B25F89DB500089E91 /* MainPageHeaderView.swift */; };
		9CEDEB7225E23DFA00F0E380 /* CanvasDebugView.swift in Sources */ = {isa = PBXBuildFile; fileRef = 9CEDEB7125E23DFA00F0E380 /* CanvasDebugView.swift */; };
		B459F5ADAA3EB45E4C5F651A /* Pods_Laputa_LaputaUITests.framework in Frameworks */ = {isa = PBXBuildFile; fileRef = 13D96F21E72EB2BD3175AE6B /* Pods_Laputa_LaputaUITests.framework */; };
/* End PBXBuildFile section */

/* Begin PBXContainerItemProxy section */
		1A64C89F25CA2EE80082FEA7 /* PBXContainerItemProxy */ = {
			isa = PBXContainerItemProxy;
			containerPortal = 1A64C88025CA2EE50082FEA7 /* Project object */;
			proxyType = 1;
			remoteGlobalIDString = 1A64C88725CA2EE50082FEA7;
			remoteInfo = Laputa;
		};
		1A64C8AA25CA2EE80082FEA7 /* PBXContainerItemProxy */ = {
			isa = PBXContainerItemProxy;
			containerPortal = 1A64C88025CA2EE50082FEA7 /* Project object */;
			proxyType = 1;
			remoteGlobalIDString = 1A64C88725CA2EE50082FEA7;
			remoteInfo = Laputa;
		};
/* End PBXContainerItemProxy section */

/* Begin PBXFileReference section */
		0BC204470B0E00EF9B754CC9 /* Pods-Laputa.release.xcconfig */ = {isa = PBXFileReference; includeInIndex = 1; lastKnownFileType = text.xcconfig; name = "Pods-Laputa.release.xcconfig"; path = "Target Support Files/Pods-Laputa/Pods-Laputa.release.xcconfig"; sourceTree = "<group>"; };
		0DEE2E78EBFD028EA3C6DDF6 /* Pods-LaputaTests.release.xcconfig */ = {isa = PBXFileReference; includeInIndex = 1; lastKnownFileType = text.xcconfig; name = "Pods-LaputaTests.release.xcconfig"; path = "Target Support Files/Pods-LaputaTests/Pods-LaputaTests.release.xcconfig"; sourceTree = "<group>"; };
		13D96F21E72EB2BD3175AE6B /* Pods_Laputa_LaputaUITests.framework */ = {isa = PBXFileReference; explicitFileType = wrapper.framework; includeInIndex = 0; path = Pods_Laputa_LaputaUITests.framework; sourceTree = BUILT_PRODUCTS_DIR; };
		1885B847BB6F440203E7D156 /* Pods-LaputaTests.debug.xcconfig */ = {isa = PBXFileReference; includeInIndex = 1; lastKnownFileType = text.xcconfig; name = "Pods-LaputaTests.debug.xcconfig"; path = "Target Support Files/Pods-LaputaTests/Pods-LaputaTests.debug.xcconfig"; sourceTree = "<group>"; };
		1A24CDCC25D4CE130044044F /* SSHConnection.swift */ = {isa = PBXFileReference; lastKnownFileType = sourcecode.swift; path = SSHConnection.swift; sourceTree = "<group>"; };
		1A64C88825CA2EE50082FEA7 /* Laputa.app */ = {isa = PBXFileReference; explicitFileType = wrapper.application; includeInIndex = 0; path = Laputa.app; sourceTree = BUILT_PRODUCTS_DIR; };
		1A64C88B25CA2EE50082FEA7 /* LaputaApp.swift */ = {isa = PBXFileReference; lastKnownFileType = sourcecode.swift; path = LaputaApp.swift; sourceTree = "<group>"; };
		1A64C88D25CA2EE50082FEA7 /* ContentView.swift */ = {isa = PBXFileReference; lastKnownFileType = sourcecode.swift; path = ContentView.swift; sourceTree = "<group>"; };
		1A64C88F25CA2EE80082FEA7 /* Assets.xcassets */ = {isa = PBXFileReference; lastKnownFileType = folder.assetcatalog; path = Assets.xcassets; sourceTree = "<group>"; };
		1A64C89225CA2EE80082FEA7 /* Preview Assets.xcassets */ = {isa = PBXFileReference; lastKnownFileType = folder.assetcatalog; path = "Preview Assets.xcassets"; sourceTree = "<group>"; };
		1A64C89425CA2EE80082FEA7 /* Persistence.swift */ = {isa = PBXFileReference; lastKnownFileType = sourcecode.swift; path = Persistence.swift; sourceTree = "<group>"; };
		1A64C89725CA2EE80082FEA7 /* Laputa.xcdatamodel */ = {isa = PBXFileReference; lastKnownFileType = wrapper.xcdatamodel; path = Laputa.xcdatamodel; sourceTree = "<group>"; };
		1A64C89925CA2EE80082FEA7 /* Info.plist */ = {isa = PBXFileReference; lastKnownFileType = text.plist.xml; path = Info.plist; sourceTree = "<group>"; };
		1A64C89E25CA2EE80082FEA7 /* LaputaTests.xctest */ = {isa = PBXFileReference; explicitFileType = wrapper.cfbundle; includeInIndex = 0; path = LaputaTests.xctest; sourceTree = BUILT_PRODUCTS_DIR; };
		1A64C8A225CA2EE80082FEA7 /* LaputaTests.swift */ = {isa = PBXFileReference; lastKnownFileType = sourcecode.swift; path = LaputaTests.swift; sourceTree = "<group>"; };
		1A64C8A425CA2EE80082FEA7 /* Info.plist */ = {isa = PBXFileReference; lastKnownFileType = text.plist.xml; path = Info.plist; sourceTree = "<group>"; };
		1A64C8A925CA2EE80082FEA7 /* LaputaUITests.xctest */ = {isa = PBXFileReference; explicitFileType = wrapper.cfbundle; includeInIndex = 0; path = LaputaUITests.xctest; sourceTree = BUILT_PRODUCTS_DIR; };
		1A64C8AD25CA2EE80082FEA7 /* LaputaUITests.swift */ = {isa = PBXFileReference; lastKnownFileType = sourcecode.swift; path = LaputaUITests.swift; sourceTree = "<group>"; };
		1A64C8AF25CA2EE80082FEA7 /* Info.plist */ = {isa = PBXFileReference; lastKnownFileType = text.plist.xml; path = Info.plist; sourceTree = "<group>"; };
		1A83264725EF300300C03A2C /* CodeCardTerminal.swift */ = {isa = PBXFileReference; lastKnownFileType = sourcecode.swift; path = CodeCardTerminal.swift; sourceTree = "<group>"; };
		1A83264C25EF308500C03A2C /* CodeCardTerminalViewController.swift */ = {isa = PBXFileReference; lastKnownFileType = sourcecode.swift; path = CodeCardTerminalViewController.swift; sourceTree = "<group>"; };
		1F7A9745EB48293FC97314FC /* Pods-Laputa-LaputaUITests.release.xcconfig */ = {isa = PBXFileReference; includeInIndex = 1; lastKnownFileType = text.xcconfig; name = "Pods-Laputa-LaputaUITests.release.xcconfig"; path = "Target Support Files/Pods-Laputa-LaputaUITests/Pods-Laputa-LaputaUITests.release.xcconfig"; sourceTree = "<group>"; };
		3259B6C9970937CC594AFB72 /* Pods-Laputa-LaputaUITests.debug.xcconfig */ = {isa = PBXFileReference; includeInIndex = 1; lastKnownFileType = text.xcconfig; name = "Pods-Laputa-LaputaUITests.debug.xcconfig"; path = "Target Support Files/Pods-Laputa-LaputaUITests/Pods-Laputa-LaputaUITests.debug.xcconfig"; sourceTree = "<group>"; };
		3F5EBF63A92A5021A9EE7A6F /* Pods_LaputaTests.framework */ = {isa = PBXFileReference; explicitFileType = wrapper.framework; includeInIndex = 0; path = Pods_LaputaTests.framework; sourceTree = BUILT_PRODUCTS_DIR; };
		584E47B225D39A49005EDC0E /* MainPageView.swift */ = {isa = PBXFileReference; lastKnownFileType = sourcecode.swift; path = MainPageView.swift; sourceTree = "<group>"; };
		584E47BD25D39EAF005EDC0E /* MainPageList.swift */ = {isa = PBXFileReference; lastKnownFileType = sourcecode.swift; path = MainPageList.swift; sourceTree = "<group>"; };
		584E47C225D63214005EDC0E /* TestView.swift */ = {isa = PBXFileReference; lastKnownFileType = sourcecode.swift; path = TestView.swift; sourceTree = "<group>"; };
		584E47C725D6382C005EDC0E /* MainPageColumnView.swift */ = {isa = PBXFileReference; lastKnownFileType = sourcecode.swift; path = MainPageColumnView.swift; sourceTree = "<group>"; };
		584E47CC25D8BCD8005EDC0E /* MainPagePreview.swift */ = {isa = PBXFileReference; lastKnownFileType = sourcecode.swift; path = MainPagePreview.swift; sourceTree = "<group>"; };
		584E47D125D8CA48005EDC0E /* MainPageDetail.swift */ = {isa = PBXFileReference; lastKnownFileType = sourcecode.swift; path = MainPageDetail.swift; sourceTree = "<group>"; };
		584E47D925DCDC0A005EDC0E /* EntityInputView.swift */ = {isa = PBXFileReference; lastKnownFileType = sourcecode.swift; path = EntityInputView.swift; sourceTree = "<group>"; };
		584E47E125DCEFEC005EDC0E /* InputHostView.swift */ = {isa = PBXFileReference; lastKnownFileType = sourcecode.swift; path = InputHostView.swift; sourceTree = "<group>"; };
		584E47E625DCF523005EDC0E /* InputCanvasView.swift */ = {isa = PBXFileReference; lastKnownFileType = sourcecode.swift; path = InputCanvasView.swift; sourceTree = "<group>"; };
		584E47F225E209AF005EDC0E /* SessionPageView.swift */ = {isa = PBXFileReference; lastKnownFileType = sourcecode.swift; path = SessionPageView.swift; sourceTree = "<group>"; };
		585B34C725E370040095DD2C /* SelectCanvasView.swift */ = {isa = PBXFileReference; lastKnownFileType = sourcecode.swift; path = SelectCanvasView.swift; sourceTree = "<group>"; };
		589AC30E25F48D8700405E20 /* Host+CoreDataClass.swift */ = {isa = PBXFileReference; lastKnownFileType = sourcecode.swift; name = "Host+CoreDataClass.swift"; path = "Laputa/CoreData/Host+CoreDataClass.swift"; sourceTree = SOURCE_ROOT; };
		589AC30F25F48D8700405E20 /* Host+CoreDataProperties.swift */ = {isa = PBXFileReference; lastKnownFileType = sourcecode.swift; name = "Host+CoreDataProperties.swift"; path = "Laputa/CoreData/Host+CoreDataProperties.swift"; sourceTree = SOURCE_ROOT; };
		75652E9A25E9D6580069FF0B /* PencilKitDrawingView.swift */ = {isa = PBXFileReference; lastKnownFileType = sourcecode.swift; path = PencilKitDrawingView.swift; sourceTree = "<group>"; };
		759EA4FB25D4C5BD00560D98 /* SSHTerminalViewController.swift */ = {isa = PBXFileReference; lastKnownFileType = sourcecode.swift; name = SSHTerminalViewController.swift; path = Laputa/View/Terminal/SSHTerminalViewController.swift; sourceTree = SOURCE_ROOT; };
		759EA50025D4C68400560D98 /* DataStructs.swift */ = {isa = PBXFileReference; lastKnownFileType = sourcecode.swift; name = DataStructs.swift; path = Laputa/Model/DataStructs.swift; sourceTree = SOURCE_ROOT; };
		759EA50525D4C9ED00560D98 /* SSHTerminalView.swift */ = {isa = PBXFileReference; lastKnownFileType = sourcecode.swift; name = SSHTerminalView.swift; path = Laputa/View/Terminal/SSHTerminalView.swift; sourceTree = SOURCE_ROOT; };
		97B18099E4EC517DEE7D561E /* Pods-Laputa.debug.xcconfig */ = {isa = PBXFileReference; includeInIndex = 1; lastKnownFileType = text.xcconfig; name = "Pods-Laputa.debug.xcconfig"; path = "Target Support Files/Pods-Laputa/Pods-Laputa.debug.xcconfig"; sourceTree = "<group>"; };
		9C488E2525D0DCBA00662F1E /* CanvasView.swift */ = {isa = PBXFileReference; lastKnownFileType = sourcecode.swift; path = CanvasView.swift; sourceTree = "<group>"; };
		9C488E3125D1081C00662F1E /* CodeCardView.swift */ = {isa = PBXFileReference; lastKnownFileType = sourcecode.swift; path = CodeCardView.swift; sourceTree = "<group>"; };
		9C5FAA47EB2A9210EEE0DB17 /* Pods_Laputa.framework */ = {isa = PBXFileReference; explicitFileType = wrapper.framework; includeInIndex = 0; path = Pods_Laputa.framework; sourceTree = BUILT_PRODUCTS_DIR; };
		9C7B158425F18FB500E88B09 /* CodeCard+CoreDataClass.swift */ = {isa = PBXFileReference; lastKnownFileType = sourcecode.swift; name = "CodeCard+CoreDataClass.swift"; path = "Laputa/CoreData/CodeCard+CoreDataClass.swift"; sourceTree = SOURCE_ROOT; };
		9C7B158525F18FB500E88B09 /* CodeCard+CoreDataProperties.swift */ = {isa = PBXFileReference; lastKnownFileType = sourcecode.swift; name = "CodeCard+CoreDataProperties.swift"; path = "Laputa/CoreData/CodeCard+CoreDataProperties.swift"; sourceTree = SOURCE_ROOT; };
		9C7B158E25F1901D00E88B09 /* Canvas+CoreDataClass.swift */ = {isa = PBXFileReference; lastKnownFileType = sourcecode.swift; name = "Canvas+CoreDataClass.swift"; path = "Laputa/CoreData/Canvas+CoreDataClass.swift"; sourceTree = SOURCE_ROOT; };
		9C7B158F25F1901D00E88B09 /* Canvas+CoreDataProperties.swift */ = {isa = PBXFileReference; lastKnownFileType = sourcecode.swift; name = "Canvas+CoreDataProperties.swift"; path = "Laputa/CoreData/Canvas+CoreDataProperties.swift"; sourceTree = SOURCE_ROOT; };
		9C7B15AB25F1E1D400E88B09 /* SelectHostView.swift */ = {isa = PBXFileReference; fileEncoding = 4; lastKnownFileType = sourcecode.swift; path = SelectHostView.swift; sourceTree = "<group>"; };
		9C7B160025F4950600E88B09 /* HostList.swift */ = {isa = PBXFileReference; lastKnownFileType = sourcecode.swift; path = HostList.swift; sourceTree = "<group>"; };
		9C7B160525F4951000E88B09 /* CanvasList.swift */ = {isa = PBXFileReference; lastKnownFileType = sourcecode.swift; path = CanvasList.swift; sourceTree = "<group>"; };
		9CD65B1B25F89DB500089E91 /* MainPageHeaderView.swift */ = {isa = PBXFileReference; lastKnownFileType = sourcecode.swift; path = MainPageHeaderView.swift; sourceTree = "<group>"; };
		9CEDEB7125E23DFA00F0E380 /* CanvasDebugView.swift */ = {isa = PBXFileReference; lastKnownFileType = sourcecode.swift; path = CanvasDebugView.swift; sourceTree = "<group>"; };
/* End PBXFileReference section */

/* Begin PBXFrameworksBuildPhase section */
		1A64C88525CA2EE50082FEA7 /* Frameworks */ = {
			isa = PBXFrameworksBuildPhase;
			buildActionMask = 2147483647;
			files = (
				1A24CDC025D4B15F0044044F /* SwiftTerm in Frameworks */,
				2BA672215609DFF0D9069934 /* Pods_Laputa.framework in Frameworks */,
			);
			runOnlyForDeploymentPostprocessing = 0;
		};
		1A64C89B25CA2EE80082FEA7 /* Frameworks */ = {
			isa = PBXFrameworksBuildPhase;
			buildActionMask = 2147483647;
			files = (
				23F192D5AE739BB2FDEBB3D4 /* Pods_LaputaTests.framework in Frameworks */,
			);
			runOnlyForDeploymentPostprocessing = 0;
		};
		1A64C8A625CA2EE80082FEA7 /* Frameworks */ = {
			isa = PBXFrameworksBuildPhase;
			buildActionMask = 2147483647;
			files = (
				B459F5ADAA3EB45E4C5F651A /* Pods_Laputa_LaputaUITests.framework in Frameworks */,
			);
			runOnlyForDeploymentPostprocessing = 0;
		};
/* End PBXFrameworksBuildPhase section */

/* Begin PBXGroup section */
		167173868FD043C1C4C680E9 /* Frameworks */ = {
			isa = PBXGroup;
			children = (
				9C5FAA47EB2A9210EEE0DB17 /* Pods_Laputa.framework */,
				13D96F21E72EB2BD3175AE6B /* Pods_Laputa_LaputaUITests.framework */,
				3F5EBF63A92A5021A9EE7A6F /* Pods_LaputaTests.framework */,
			);
			name = Frameworks;
			sourceTree = "<group>";
		};
		1A24CDCB25D4CDCA0044044F /* SSH */ = {
			isa = PBXGroup;
			children = (
				1A24CDCC25D4CE130044044F /* SSHConnection.swift */,
			);
			path = SSH;
			sourceTree = "<group>";
		};
		1A39DACE25E49D3700AAB8E0 /* Terminal */ = {
			isa = PBXGroup;
			children = (
				759EA50525D4C9ED00560D98 /* SSHTerminalView.swift */,
				759EA4FB25D4C5BD00560D98 /* SSHTerminalViewController.swift */,
			);
			path = Terminal;
			sourceTree = "<group>";
		};
		1A64C87F25CA2EE50082FEA7 = {
			isa = PBXGroup;
			children = (
				1A64C88A25CA2EE50082FEA7 /* Laputa */,
				1A64C8A125CA2EE80082FEA7 /* LaputaTests */,
				1A64C8AC25CA2EE80082FEA7 /* LaputaUITests */,
				1A64C88925CA2EE50082FEA7 /* Products */,
				6F275419BE29A3178A353E96 /* Pods */,
				167173868FD043C1C4C680E9 /* Frameworks */,
			);
			sourceTree = "<group>";
		};
		1A64C88925CA2EE50082FEA7 /* Products */ = {
			isa = PBXGroup;
			children = (
				1A64C88825CA2EE50082FEA7 /* Laputa.app */,
				1A64C89E25CA2EE80082FEA7 /* LaputaTests.xctest */,
				1A64C8A925CA2EE80082FEA7 /* LaputaUITests.xctest */,
			);
			name = Products;
			sourceTree = "<group>";
		};
		1A64C88A25CA2EE50082FEA7 /* Laputa */ = {
			isa = PBXGroup;
			children = (
				9C7B158025F18EDF00E88B09 /* CoreData */,
				584E47B125D39A3D005EDC0E /* View */,
				1A84751A25CCF6EB004169AC /* Services */,
				1A84751725CCF6D7004169AC /* Model */,
				1A64C88B25CA2EE50082FEA7 /* LaputaApp.swift */,
				1A64C88D25CA2EE50082FEA7 /* ContentView.swift */,
				1A64C88F25CA2EE80082FEA7 /* Assets.xcassets */,
				1A64C89425CA2EE80082FEA7 /* Persistence.swift */,
				1A64C89925CA2EE80082FEA7 /* Info.plist */,
				1A64C89625CA2EE80082FEA7 /* Laputa.xcdatamodeld */,
				1A64C89125CA2EE80082FEA7 /* Preview Content */,
			);
			path = Laputa;
			sourceTree = "<group>";
		};
		1A64C89125CA2EE80082FEA7 /* Preview Content */ = {
			isa = PBXGroup;
			children = (
				1A64C89225CA2EE80082FEA7 /* Preview Assets.xcassets */,
			);
			path = "Preview Content";
			sourceTree = "<group>";
		};
		1A64C8A125CA2EE80082FEA7 /* LaputaTests */ = {
			isa = PBXGroup;
			children = (
				1A64C8A225CA2EE80082FEA7 /* LaputaTests.swift */,
				1A64C8A425CA2EE80082FEA7 /* Info.plist */,
			);
			path = LaputaTests;
			sourceTree = "<group>";
		};
		1A64C8AC25CA2EE80082FEA7 /* LaputaUITests */ = {
			isa = PBXGroup;
			children = (
				1A64C8AD25CA2EE80082FEA7 /* LaputaUITests.swift */,
				1A64C8AF25CA2EE80082FEA7 /* Info.plist */,
			);
			path = LaputaUITests;
			sourceTree = "<group>";
		};
		1A83264625EF2FD300C03A2C /* CodeCardTerminal */ = {
			isa = PBXGroup;
			children = (
				1A83264725EF300300C03A2C /* CodeCardTerminal.swift */,
				1A83264C25EF308500C03A2C /* CodeCardTerminalViewController.swift */,
			);
			path = CodeCardTerminal;
			sourceTree = "<group>";
		};
		1A84751725CCF6D7004169AC /* Model */ = {
			isa = PBXGroup;
			children = (
				759EA50025D4C68400560D98 /* DataStructs.swift */,
			);
			path = Model;
			sourceTree = "<group>";
		};
		1A84751A25CCF6EB004169AC /* Services */ = {
			isa = PBXGroup;
			children = (
				1A24CDCB25D4CDCA0044044F /* SSH */,
			);
			path = Services;
			sourceTree = "<group>";
		};
		584E47B125D39A3D005EDC0E /* View */ = {
			isa = PBXGroup;
			children = (
				9CD65BA225F9AD4200089E91 /* Sheets */,
				1A83264625EF2FD300C03A2C /* CodeCardTerminal */,
				1A39DACE25E49D3700AAB8E0 /* Terminal */,
				9CEDEB7025E23DD900F0E380 /* Canvas */,
				584E47F125E2099C005EDC0E /* SessionPage */,
				584E47F025E20970005EDC0E /* MainPage */,
			);
			path = View;
			sourceTree = "<group>";
		};
		584E47F025E20970005EDC0E /* MainPage */ = {
			isa = PBXGroup;
			children = (
				584E47B225D39A49005EDC0E /* MainPageView.swift */,
				584E47BD25D39EAF005EDC0E /* MainPageList.swift */,
				584E47C225D63214005EDC0E /* TestView.swift */,
				9C7B160525F4951000E88B09 /* CanvasList.swift */,
				584E47C725D6382C005EDC0E /* MainPageColumnView.swift */,
				584E47CC25D8BCD8005EDC0E /* MainPagePreview.swift */,
				584E47D125D8CA48005EDC0E /* MainPageDetail.swift */,
				9C7B160025F4950600E88B09 /* HostList.swift */,
				9CD65B1B25F89DB500089E91 /* MainPageHeaderView.swift */,
			);
			path = MainPage;
			sourceTree = "<group>";
		};
		584E47F125E2099C005EDC0E /* SessionPage */ = {
			isa = PBXGroup;
			children = (
				584E47F225E209AF005EDC0E /* SessionPageView.swift */,
			);
			path = SessionPage;
			sourceTree = "<group>";
		};
		6F275419BE29A3178A353E96 /* Pods */ = {
			isa = PBXGroup;
			children = (
				97B18099E4EC517DEE7D561E /* Pods-Laputa.debug.xcconfig */,
				0BC204470B0E00EF9B754CC9 /* Pods-Laputa.release.xcconfig */,
				3259B6C9970937CC594AFB72 /* Pods-Laputa-LaputaUITests.debug.xcconfig */,
				1F7A9745EB48293FC97314FC /* Pods-Laputa-LaputaUITests.release.xcconfig */,
				1885B847BB6F440203E7D156 /* Pods-LaputaTests.debug.xcconfig */,
				0DEE2E78EBFD028EA3C6DDF6 /* Pods-LaputaTests.release.xcconfig */,
			);
			path = Pods;
			sourceTree = "<group>";
		};
		9C7B158025F18EDF00E88B09 /* CoreData */ = {
			isa = PBXGroup;
			children = (
				589AC30E25F48D8700405E20 /* Host+CoreDataClass.swift */,
				589AC30F25F48D8700405E20 /* Host+CoreDataProperties.swift */,
				9C7B158E25F1901D00E88B09 /* Canvas+CoreDataClass.swift */,
				9C7B158F25F1901D00E88B09 /* Canvas+CoreDataProperties.swift */,
				9C7B158425F18FB500E88B09 /* CodeCard+CoreDataClass.swift */,
				9C7B158525F18FB500E88B09 /* CodeCard+CoreDataProperties.swift */,
			);
			path = CoreData;
			sourceTree = "<group>";
		};
		9CD65BA225F9AD4200089E91 /* Sheets */ = {
			isa = PBXGroup;
			children = (
				585B34C725E370040095DD2C /* SelectCanvasView.swift */,
				9C7B15AB25F1E1D400E88B09 /* SelectHostView.swift */,
				584E47D925DCDC0A005EDC0E /* EntityInputView.swift */,
				584E47E125DCEFEC005EDC0E /* InputHostView.swift */,
				584E47E625DCF523005EDC0E /* InputCanvasView.swift */,
			);
			path = Sheets;
			sourceTree = "<group>";
		};
		9CEDEB7025E23DD900F0E380 /* Canvas */ = {
			isa = PBXGroup;
			children = (
				9CEDEB9725E241EA00F0E380 /* Drawing */,
				9C488E3125D1081C00662F1E /* CodeCardView.swift */,
				9C488E2525D0DCBA00662F1E /* CanvasView.swift */,
				9CEDEB7125E23DFA00F0E380 /* CanvasDebugView.swift */,
			);
			path = Canvas;
			sourceTree = "<group>";
		};
		9CEDEB9725E241EA00F0E380 /* Drawing */ = {
			isa = PBXGroup;
			children = (
				75652E9A25E9D6580069FF0B /* PencilKitDrawingView.swift */,
			);
			path = Drawing;
			sourceTree = "<group>";
		};
/* End PBXGroup section */

/* Begin PBXNativeTarget section */
		1A64C88725CA2EE50082FEA7 /* Laputa */ = {
			isa = PBXNativeTarget;
			buildConfigurationList = 1A64C8B225CA2EE80082FEA7 /* Build configuration list for PBXNativeTarget "Laputa" */;
			buildPhases = (
				E4DBBED62CDA9F431A6FB4A0 /* [CP] Check Pods Manifest.lock */,
				1A64C88425CA2EE50082FEA7 /* Sources */,
				1A64C88525CA2EE50082FEA7 /* Frameworks */,
				1A64C88625CA2EE50082FEA7 /* Resources */,
				B58940B46D9BC1A41DF817CA /* [CP] Embed Pods Frameworks */,
			);
			buildRules = (
			);
			dependencies = (
			);
			name = Laputa;
			packageProductDependencies = (
				1A24CDBF25D4B15F0044044F /* SwiftTerm */,
			);
			productName = Laputa;
			productReference = 1A64C88825CA2EE50082FEA7 /* Laputa.app */;
			productType = "com.apple.product-type.application";
		};
		1A64C89D25CA2EE80082FEA7 /* LaputaTests */ = {
			isa = PBXNativeTarget;
			buildConfigurationList = 1A64C8B525CA2EE80082FEA7 /* Build configuration list for PBXNativeTarget "LaputaTests" */;
			buildPhases = (
				B02FE32C710029CF2301D1F0 /* [CP] Check Pods Manifest.lock */,
				1A64C89A25CA2EE80082FEA7 /* Sources */,
				1A64C89B25CA2EE80082FEA7 /* Frameworks */,
				1A64C89C25CA2EE80082FEA7 /* Resources */,
			);
			buildRules = (
			);
			dependencies = (
				1A64C8A025CA2EE80082FEA7 /* PBXTargetDependency */,
			);
			name = LaputaTests;
			productName = LaputaTests;
			productReference = 1A64C89E25CA2EE80082FEA7 /* LaputaTests.xctest */;
			productType = "com.apple.product-type.bundle.unit-test";
		};
		1A64C8A825CA2EE80082FEA7 /* LaputaUITests */ = {
			isa = PBXNativeTarget;
			buildConfigurationList = 1A64C8B825CA2EE80082FEA7 /* Build configuration list for PBXNativeTarget "LaputaUITests" */;
			buildPhases = (
				0878428042D248141056CE91 /* [CP] Check Pods Manifest.lock */,
				1A64C8A525CA2EE80082FEA7 /* Sources */,
				1A64C8A625CA2EE80082FEA7 /* Frameworks */,
				1A64C8A725CA2EE80082FEA7 /* Resources */,
				AE350514DC821CDCDD84456E /* [CP] Embed Pods Frameworks */,
			);
			buildRules = (
			);
			dependencies = (
				1A64C8AB25CA2EE80082FEA7 /* PBXTargetDependency */,
			);
			name = LaputaUITests;
			productName = LaputaUITests;
			productReference = 1A64C8A925CA2EE80082FEA7 /* LaputaUITests.xctest */;
			productType = "com.apple.product-type.bundle.ui-testing";
		};
/* End PBXNativeTarget section */

/* Begin PBXProject section */
		1A64C88025CA2EE50082FEA7 /* Project object */ = {
			isa = PBXProject;
			attributes = {
				LastSwiftUpdateCheck = 1240;
				LastUpgradeCheck = 1240;
				TargetAttributes = {
					1A64C88725CA2EE50082FEA7 = {
						CreatedOnToolsVersion = 12.4;
					};
					1A64C89D25CA2EE80082FEA7 = {
						CreatedOnToolsVersion = 12.4;
						TestTargetID = 1A64C88725CA2EE50082FEA7;
					};
					1A64C8A825CA2EE80082FEA7 = {
						CreatedOnToolsVersion = 12.4;
						TestTargetID = 1A64C88725CA2EE50082FEA7;
					};
				};
			};
			buildConfigurationList = 1A64C88325CA2EE50082FEA7 /* Build configuration list for PBXProject "Laputa" */;
			compatibilityVersion = "Xcode 9.3";
			developmentRegion = en;
			hasScannedForEncodings = 0;
			knownRegions = (
				en,
				Base,
			);
			mainGroup = 1A64C87F25CA2EE50082FEA7;
			packageReferences = (
				1A24CDBE25D4B15F0044044F /* XCRemoteSwiftPackageReference "SwiftTerm" */,
			);
			productRefGroup = 1A64C88925CA2EE50082FEA7 /* Products */;
			projectDirPath = "";
			projectRoot = "";
			targets = (
				1A64C88725CA2EE50082FEA7 /* Laputa */,
				1A64C89D25CA2EE80082FEA7 /* LaputaTests */,
				1A64C8A825CA2EE80082FEA7 /* LaputaUITests */,
			);
		};
/* End PBXProject section */

/* Begin PBXResourcesBuildPhase section */
		1A64C88625CA2EE50082FEA7 /* Resources */ = {
			isa = PBXResourcesBuildPhase;
			buildActionMask = 2147483647;
			files = (
				1A64C89325CA2EE80082FEA7 /* Preview Assets.xcassets in Resources */,
				1A64C89025CA2EE80082FEA7 /* Assets.xcassets in Resources */,
			);
			runOnlyForDeploymentPostprocessing = 0;
		};
		1A64C89C25CA2EE80082FEA7 /* Resources */ = {
			isa = PBXResourcesBuildPhase;
			buildActionMask = 2147483647;
			files = (
			);
			runOnlyForDeploymentPostprocessing = 0;
		};
		1A64C8A725CA2EE80082FEA7 /* Resources */ = {
			isa = PBXResourcesBuildPhase;
			buildActionMask = 2147483647;
			files = (
			);
			runOnlyForDeploymentPostprocessing = 0;
		};
/* End PBXResourcesBuildPhase section */

/* Begin PBXShellScriptBuildPhase section */
		0878428042D248141056CE91 /* [CP] Check Pods Manifest.lock */ = {
			isa = PBXShellScriptBuildPhase;
			buildActionMask = 2147483647;
			files = (
			);
			inputFileListPaths = (
			);
			inputPaths = (
				"${PODS_PODFILE_DIR_PATH}/Podfile.lock",
				"${PODS_ROOT}/Manifest.lock",
			);
			name = "[CP] Check Pods Manifest.lock";
			outputFileListPaths = (
			);
			outputPaths = (
				"$(DERIVED_FILE_DIR)/Pods-Laputa-LaputaUITests-checkManifestLockResult.txt",
			);
			runOnlyForDeploymentPostprocessing = 0;
			shellPath = /bin/sh;
			shellScript = "diff \"${PODS_PODFILE_DIR_PATH}/Podfile.lock\" \"${PODS_ROOT}/Manifest.lock\" > /dev/null\nif [ $? != 0 ] ; then\n    # print error to STDERR\n    echo \"error: The sandbox is not in sync with the Podfile.lock. Run 'pod install' or update your CocoaPods installation.\" >&2\n    exit 1\nfi\n# This output is used by Xcode 'outputs' to avoid re-running this script phase.\necho \"SUCCESS\" > \"${SCRIPT_OUTPUT_FILE_0}\"\n";
			showEnvVarsInLog = 0;
		};
		AE350514DC821CDCDD84456E /* [CP] Embed Pods Frameworks */ = {
			isa = PBXShellScriptBuildPhase;
			buildActionMask = 2147483647;
			files = (
			);
			inputFileListPaths = (
				"${PODS_ROOT}/Target Support Files/Pods-Laputa-LaputaUITests/Pods-Laputa-LaputaUITests-frameworks-${CONFIGURATION}-input-files.xcfilelist",
			);
			name = "[CP] Embed Pods Frameworks";
			outputFileListPaths = (
				"${PODS_ROOT}/Target Support Files/Pods-Laputa-LaputaUITests/Pods-Laputa-LaputaUITests-frameworks-${CONFIGURATION}-output-files.xcfilelist",
			);
			runOnlyForDeploymentPostprocessing = 0;
			shellPath = /bin/sh;
			shellScript = "\"${PODS_ROOT}/Target Support Files/Pods-Laputa-LaputaUITests/Pods-Laputa-LaputaUITests-frameworks.sh\"\n";
			showEnvVarsInLog = 0;
		};
		B02FE32C710029CF2301D1F0 /* [CP] Check Pods Manifest.lock */ = {
			isa = PBXShellScriptBuildPhase;
			buildActionMask = 2147483647;
			files = (
			);
			inputFileListPaths = (
			);
			inputPaths = (
				"${PODS_PODFILE_DIR_PATH}/Podfile.lock",
				"${PODS_ROOT}/Manifest.lock",
			);
			name = "[CP] Check Pods Manifest.lock";
			outputFileListPaths = (
			);
			outputPaths = (
				"$(DERIVED_FILE_DIR)/Pods-LaputaTests-checkManifestLockResult.txt",
			);
			runOnlyForDeploymentPostprocessing = 0;
			shellPath = /bin/sh;
			shellScript = "diff \"${PODS_PODFILE_DIR_PATH}/Podfile.lock\" \"${PODS_ROOT}/Manifest.lock\" > /dev/null\nif [ $? != 0 ] ; then\n    # print error to STDERR\n    echo \"error: The sandbox is not in sync with the Podfile.lock. Run 'pod install' or update your CocoaPods installation.\" >&2\n    exit 1\nfi\n# This output is used by Xcode 'outputs' to avoid re-running this script phase.\necho \"SUCCESS\" > \"${SCRIPT_OUTPUT_FILE_0}\"\n";
			showEnvVarsInLog = 0;
		};
		B58940B46D9BC1A41DF817CA /* [CP] Embed Pods Frameworks */ = {
			isa = PBXShellScriptBuildPhase;
			buildActionMask = 2147483647;
			files = (
			);
			inputFileListPaths = (
				"${PODS_ROOT}/Target Support Files/Pods-Laputa/Pods-Laputa-frameworks-${CONFIGURATION}-input-files.xcfilelist",
			);
			name = "[CP] Embed Pods Frameworks";
			outputFileListPaths = (
				"${PODS_ROOT}/Target Support Files/Pods-Laputa/Pods-Laputa-frameworks-${CONFIGURATION}-output-files.xcfilelist",
			);
			runOnlyForDeploymentPostprocessing = 0;
			shellPath = /bin/sh;
			shellScript = "\"${PODS_ROOT}/Target Support Files/Pods-Laputa/Pods-Laputa-frameworks.sh\"\n";
			showEnvVarsInLog = 0;
		};
		E4DBBED62CDA9F431A6FB4A0 /* [CP] Check Pods Manifest.lock */ = {
			isa = PBXShellScriptBuildPhase;
			buildActionMask = 2147483647;
			files = (
			);
			inputFileListPaths = (
			);
			inputPaths = (
				"${PODS_PODFILE_DIR_PATH}/Podfile.lock",
				"${PODS_ROOT}/Manifest.lock",
			);
			name = "[CP] Check Pods Manifest.lock";
			outputFileListPaths = (
			);
			outputPaths = (
				"$(DERIVED_FILE_DIR)/Pods-Laputa-checkManifestLockResult.txt",
			);
			runOnlyForDeploymentPostprocessing = 0;
			shellPath = /bin/sh;
			shellScript = "diff \"${PODS_PODFILE_DIR_PATH}/Podfile.lock\" \"${PODS_ROOT}/Manifest.lock\" > /dev/null\nif [ $? != 0 ] ; then\n    # print error to STDERR\n    echo \"error: The sandbox is not in sync with the Podfile.lock. Run 'pod install' or update your CocoaPods installation.\" >&2\n    exit 1\nfi\n# This output is used by Xcode 'outputs' to avoid re-running this script phase.\necho \"SUCCESS\" > \"${SCRIPT_OUTPUT_FILE_0}\"\n";
			showEnvVarsInLog = 0;
		};
/* End PBXShellScriptBuildPhase section */

/* Begin PBXSourcesBuildPhase section */
		1A64C88425CA2EE50082FEA7 /* Sources */ = {
			isa = PBXSourcesBuildPhase;
			buildActionMask = 2147483647;
			files = (
				9CEDEB7225E23DFA00F0E380 /* CanvasDebugView.swift in Sources */,
				9C488E3225D1081C00662F1E /* CodeCardView.swift in Sources */,
				9C7B160625F4951000E88B09 /* CanvasList.swift in Sources */,
				9CEDEB7225E23DFA00F0E380 /* CanvasDebugView.swift in Sources */,
				9C488E3225D1081C00662F1E /* CodeCardView.swift in Sources */,
				9C7B160125F4950600E88B09 /* HostList.swift in Sources */,
				9C7B15AC25F1E1D400E88B09 /* SelectHostView.swift in Sources */,
				1A64C89525CA2EE80082FEA7 /* Persistence.swift in Sources */,
				1A64C88E25CA2EE50082FEA7 /* ContentView.swift in Sources */,
				9C7B158625F18FB500E88B09 /* CodeCard+CoreDataClass.swift in Sources */,
				75652E9B25E9D6580069FF0B /* PencilKitDrawingView.swift in Sources */,
				1A64C89825CA2EE80082FEA7 /* Laputa.xcdatamodeld in Sources */,
				9C488E2625D0DCBA00662F1E /* CanvasView.swift in Sources */,
				1A64C88C25CA2EE50082FEA7 /* LaputaApp.swift in Sources */,
				584E47C325D63214005EDC0E /* TestView.swift in Sources */,
				584E47CD25D8BCD8005EDC0E /* MainPagePreview.swift in Sources */,
				759EA4FC25D4C5BD00560D98 /* SSHTerminalViewController.swift in Sources */,
				584E47BE25D39EAF005EDC0E /* MainPageList.swift in Sources */,
				584E47F325E209AF005EDC0E /* SessionPageView.swift in Sources */,
				584E47DA25DCDC0A005EDC0E /* EntityInputView.swift in Sources */,
				584E47D225D8CA48005EDC0E /* MainPageDetail.swift in Sources */,
				584E47B325D39A49005EDC0E /* MainPageView.swift in Sources */,
				9CD65B1C25F89DB500089E91 /* MainPageHeaderView.swift in Sources */,
				9C7B159025F1901D00E88B09 /* Canvas+CoreDataClass.swift in Sources */,
				1A64C89825CA2EE80082FEA7 /* Laputa.xcdatamodeld in Sources */,
				584E47C825D6382C005EDC0E /* MainPageColumnView.swift in Sources */,
				589AC31125F48D8700405E20 /* Host+CoreDataProperties.swift in Sources */,
				585B34C825E370040095DD2C /* SelectCanvasView.swift in Sources */,
				584E47E225DCEFEC005EDC0E /* InputHostView.swift in Sources */,
				589AC31025F48D8700405E20 /* Host+CoreDataClass.swift in Sources */,
				9C7B159125F1901D00E88B09 /* Canvas+CoreDataProperties.swift in Sources */,
				584E47E725DCF523005EDC0E /* InputCanvasView.swift in Sources */,
				759EA50125D4C68400560D98 /* DataStructs.swift in Sources */,
				1A83264D25EF308500C03A2C /* CodeCardTerminalViewController.swift in Sources */,
				9C7B158725F18FB500E88B09 /* CodeCard+CoreDataProperties.swift in Sources */,
				1A64C88C25CA2EE50082FEA7 /* LaputaApp.swift in Sources */,
				759EA50625D4C9ED00560D98 /* SSHTerminalView.swift in Sources */,
				1A83264825EF300300C03A2C /* CodeCardTerminal.swift in Sources */,
				1A24CDCD25D4CE130044044F /* SSHConnection.swift in Sources */,
			);
			runOnlyForDeploymentPostprocessing = 0;
		};
		1A64C89A25CA2EE80082FEA7 /* Sources */ = {
			isa = PBXSourcesBuildPhase;
			buildActionMask = 2147483647;
			files = (
				1A64C8A325CA2EE80082FEA7 /* LaputaTests.swift in Sources */,
			);
			runOnlyForDeploymentPostprocessing = 0;
		};
		1A64C8A525CA2EE80082FEA7 /* Sources */ = {
			isa = PBXSourcesBuildPhase;
			buildActionMask = 2147483647;
			files = (
				1A64C8AE25CA2EE80082FEA7 /* LaputaUITests.swift in Sources */,
			);
			runOnlyForDeploymentPostprocessing = 0;
		};
/* End PBXSourcesBuildPhase section */

/* Begin PBXTargetDependency section */
		1A64C8A025CA2EE80082FEA7 /* PBXTargetDependency */ = {
			isa = PBXTargetDependency;
			target = 1A64C88725CA2EE50082FEA7 /* Laputa */;
			targetProxy = 1A64C89F25CA2EE80082FEA7 /* PBXContainerItemProxy */;
		};
		1A64C8AB25CA2EE80082FEA7 /* PBXTargetDependency */ = {
			isa = PBXTargetDependency;
			target = 1A64C88725CA2EE50082FEA7 /* Laputa */;
			targetProxy = 1A64C8AA25CA2EE80082FEA7 /* PBXContainerItemProxy */;
		};
/* End PBXTargetDependency section */

/* Begin XCBuildConfiguration section */
		1A64C8B025CA2EE80082FEA7 /* Debug */ = {
			isa = XCBuildConfiguration;
			buildSettings = {
				ALWAYS_SEARCH_USER_PATHS = NO;
				CLANG_ANALYZER_NONNULL = YES;
				CLANG_ANALYZER_NUMBER_OBJECT_CONVERSION = YES_AGGRESSIVE;
				CLANG_CXX_LANGUAGE_STANDARD = "gnu++14";
				CLANG_CXX_LIBRARY = "libc++";
				CLANG_ENABLE_MODULES = YES;
				CLANG_ENABLE_OBJC_ARC = YES;
				CLANG_ENABLE_OBJC_WEAK = YES;
				CLANG_WARN_BLOCK_CAPTURE_AUTORELEASING = YES;
				CLANG_WARN_BOOL_CONVERSION = YES;
				CLANG_WARN_COMMA = YES;
				CLANG_WARN_CONSTANT_CONVERSION = YES;
				CLANG_WARN_DEPRECATED_OBJC_IMPLEMENTATIONS = YES;
				CLANG_WARN_DIRECT_OBJC_ISA_USAGE = YES_ERROR;
				CLANG_WARN_DOCUMENTATION_COMMENTS = YES;
				CLANG_WARN_EMPTY_BODY = YES;
				CLANG_WARN_ENUM_CONVERSION = YES;
				CLANG_WARN_INFINITE_RECURSION = YES;
				CLANG_WARN_INT_CONVERSION = YES;
				CLANG_WARN_NON_LITERAL_NULL_CONVERSION = YES;
				CLANG_WARN_OBJC_IMPLICIT_RETAIN_SELF = YES;
				CLANG_WARN_OBJC_LITERAL_CONVERSION = YES;
				CLANG_WARN_OBJC_ROOT_CLASS = YES_ERROR;
				CLANG_WARN_QUOTED_INCLUDE_IN_FRAMEWORK_HEADER = YES;
				CLANG_WARN_RANGE_LOOP_ANALYSIS = YES;
				CLANG_WARN_STRICT_PROTOTYPES = YES;
				CLANG_WARN_SUSPICIOUS_MOVE = YES;
				CLANG_WARN_UNGUARDED_AVAILABILITY = YES_AGGRESSIVE;
				CLANG_WARN_UNREACHABLE_CODE = YES;
				CLANG_WARN__DUPLICATE_METHOD_MATCH = YES;
				COPY_PHASE_STRIP = NO;
				DEBUG_INFORMATION_FORMAT = dwarf;
				ENABLE_STRICT_OBJC_MSGSEND = YES;
				ENABLE_TESTABILITY = YES;
				GCC_C_LANGUAGE_STANDARD = gnu11;
				GCC_DYNAMIC_NO_PIC = NO;
				GCC_NO_COMMON_BLOCKS = YES;
				GCC_OPTIMIZATION_LEVEL = 0;
				GCC_PREPROCESSOR_DEFINITIONS = (
					"DEBUG=1",
					"$(inherited)",
				);
				GCC_WARN_64_TO_32_BIT_CONVERSION = YES;
				GCC_WARN_ABOUT_RETURN_TYPE = YES_ERROR;
				GCC_WARN_UNDECLARED_SELECTOR = YES;
				GCC_WARN_UNINITIALIZED_AUTOS = YES_AGGRESSIVE;
				GCC_WARN_UNUSED_FUNCTION = YES;
				GCC_WARN_UNUSED_VARIABLE = YES;
				IPHONEOS_DEPLOYMENT_TARGET = 14.4;
				MTL_ENABLE_DEBUG_INFO = INCLUDE_SOURCE;
				MTL_FAST_MATH = YES;
				ONLY_ACTIVE_ARCH = YES;
				SDKROOT = iphoneos;
				SWIFT_ACTIVE_COMPILATION_CONDITIONS = DEBUG;
				SWIFT_OPTIMIZATION_LEVEL = "-Onone";
			};
			name = Debug;
		};
		1A64C8B125CA2EE80082FEA7 /* Release */ = {
			isa = XCBuildConfiguration;
			buildSettings = {
				ALWAYS_SEARCH_USER_PATHS = NO;
				CLANG_ANALYZER_NONNULL = YES;
				CLANG_ANALYZER_NUMBER_OBJECT_CONVERSION = YES_AGGRESSIVE;
				CLANG_CXX_LANGUAGE_STANDARD = "gnu++14";
				CLANG_CXX_LIBRARY = "libc++";
				CLANG_ENABLE_MODULES = YES;
				CLANG_ENABLE_OBJC_ARC = YES;
				CLANG_ENABLE_OBJC_WEAK = YES;
				CLANG_WARN_BLOCK_CAPTURE_AUTORELEASING = YES;
				CLANG_WARN_BOOL_CONVERSION = YES;
				CLANG_WARN_COMMA = YES;
				CLANG_WARN_CONSTANT_CONVERSION = YES;
				CLANG_WARN_DEPRECATED_OBJC_IMPLEMENTATIONS = YES;
				CLANG_WARN_DIRECT_OBJC_ISA_USAGE = YES_ERROR;
				CLANG_WARN_DOCUMENTATION_COMMENTS = YES;
				CLANG_WARN_EMPTY_BODY = YES;
				CLANG_WARN_ENUM_CONVERSION = YES;
				CLANG_WARN_INFINITE_RECURSION = YES;
				CLANG_WARN_INT_CONVERSION = YES;
				CLANG_WARN_NON_LITERAL_NULL_CONVERSION = YES;
				CLANG_WARN_OBJC_IMPLICIT_RETAIN_SELF = YES;
				CLANG_WARN_OBJC_LITERAL_CONVERSION = YES;
				CLANG_WARN_OBJC_ROOT_CLASS = YES_ERROR;
				CLANG_WARN_QUOTED_INCLUDE_IN_FRAMEWORK_HEADER = YES;
				CLANG_WARN_RANGE_LOOP_ANALYSIS = YES;
				CLANG_WARN_STRICT_PROTOTYPES = YES;
				CLANG_WARN_SUSPICIOUS_MOVE = YES;
				CLANG_WARN_UNGUARDED_AVAILABILITY = YES_AGGRESSIVE;
				CLANG_WARN_UNREACHABLE_CODE = YES;
				CLANG_WARN__DUPLICATE_METHOD_MATCH = YES;
				COPY_PHASE_STRIP = NO;
				DEBUG_INFORMATION_FORMAT = "dwarf-with-dsym";
				ENABLE_NS_ASSERTIONS = NO;
				ENABLE_STRICT_OBJC_MSGSEND = YES;
				GCC_C_LANGUAGE_STANDARD = gnu11;
				GCC_NO_COMMON_BLOCKS = YES;
				GCC_WARN_64_TO_32_BIT_CONVERSION = YES;
				GCC_WARN_ABOUT_RETURN_TYPE = YES_ERROR;
				GCC_WARN_UNDECLARED_SELECTOR = YES;
				GCC_WARN_UNINITIALIZED_AUTOS = YES_AGGRESSIVE;
				GCC_WARN_UNUSED_FUNCTION = YES;
				GCC_WARN_UNUSED_VARIABLE = YES;
				IPHONEOS_DEPLOYMENT_TARGET = 14.4;
				MTL_ENABLE_DEBUG_INFO = NO;
				MTL_FAST_MATH = YES;
				SDKROOT = iphoneos;
				SWIFT_COMPILATION_MODE = wholemodule;
				SWIFT_OPTIMIZATION_LEVEL = "-O";
				VALIDATE_PRODUCT = YES;
			};
			name = Release;
		};
		1A64C8B325CA2EE80082FEA7 /* Debug */ = {
			isa = XCBuildConfiguration;
			baseConfigurationReference = 97B18099E4EC517DEE7D561E /* Pods-Laputa.debug.xcconfig */;
			buildSettings = {
				ASSETCATALOG_COMPILER_APPICON_NAME = AppIcon;
				ASSETCATALOG_COMPILER_GLOBAL_ACCENT_COLOR_NAME = AccentColor;
				CODE_SIGN_STYLE = Automatic;
				DEVELOPMENT_ASSET_PATHS = "\"Laputa/Preview Content\"";
				DEVELOPMENT_TEAM = NHNAHB2493;
				ENABLE_PREVIEWS = YES;
				INFOPLIST_FILE = Laputa/Info.plist;
				IPHONEOS_DEPLOYMENT_TARGET = 14.0;
				LD_RUNPATH_SEARCH_PATHS = (
					"$(inherited)",
					"@executable_path/Frameworks",
				);
				PRODUCT_BUNDLE_IDENTIFIER = Laputa;
				PRODUCT_NAME = "$(TARGET_NAME)";
				SWIFT_VERSION = 5.0;
				TARGETED_DEVICE_FAMILY = 2;
			};
			name = Debug;
		};
		1A64C8B425CA2EE80082FEA7 /* Release */ = {
			isa = XCBuildConfiguration;
			baseConfigurationReference = 0BC204470B0E00EF9B754CC9 /* Pods-Laputa.release.xcconfig */;
			buildSettings = {
				ASSETCATALOG_COMPILER_APPICON_NAME = AppIcon;
				ASSETCATALOG_COMPILER_GLOBAL_ACCENT_COLOR_NAME = AccentColor;
				CODE_SIGN_STYLE = Automatic;
				DEVELOPMENT_ASSET_PATHS = "\"Laputa/Preview Content\"";
				DEVELOPMENT_TEAM = NHNAHB2493;
				ENABLE_PREVIEWS = YES;
				INFOPLIST_FILE = Laputa/Info.plist;
				IPHONEOS_DEPLOYMENT_TARGET = 14.0;
				LD_RUNPATH_SEARCH_PATHS = (
					"$(inherited)",
					"@executable_path/Frameworks",
				);
				PRODUCT_BUNDLE_IDENTIFIER = Laputa;
				PRODUCT_NAME = "$(TARGET_NAME)";
				SWIFT_VERSION = 5.0;
				TARGETED_DEVICE_FAMILY = 2;
			};
			name = Release;
		};
		1A64C8B625CA2EE80082FEA7 /* Debug */ = {
			isa = XCBuildConfiguration;
			baseConfigurationReference = 1885B847BB6F440203E7D156 /* Pods-LaputaTests.debug.xcconfig */;
			buildSettings = {
				ALWAYS_EMBED_SWIFT_STANDARD_LIBRARIES = YES;
				BUNDLE_LOADER = "$(TEST_HOST)";
				CODE_SIGN_STYLE = Automatic;
				INFOPLIST_FILE = LaputaTests/Info.plist;
				IPHONEOS_DEPLOYMENT_TARGET = 14.0;
				LD_RUNPATH_SEARCH_PATHS = (
					"$(inherited)",
					"@executable_path/Frameworks",
					"@loader_path/Frameworks",
				);
				PRODUCT_BUNDLE_IDENTIFIER = Laputa.LaputaTests;
				PRODUCT_NAME = "$(TARGET_NAME)";
				SWIFT_VERSION = 5.0;
				TARGETED_DEVICE_FAMILY = "1,2";
				TEST_HOST = "$(BUILT_PRODUCTS_DIR)/Laputa.app/Laputa";
			};
			name = Debug;
		};
		1A64C8B725CA2EE80082FEA7 /* Release */ = {
			isa = XCBuildConfiguration;
			baseConfigurationReference = 0DEE2E78EBFD028EA3C6DDF6 /* Pods-LaputaTests.release.xcconfig */;
			buildSettings = {
				ALWAYS_EMBED_SWIFT_STANDARD_LIBRARIES = YES;
				BUNDLE_LOADER = "$(TEST_HOST)";
				CODE_SIGN_STYLE = Automatic;
				INFOPLIST_FILE = LaputaTests/Info.plist;
				IPHONEOS_DEPLOYMENT_TARGET = 14.0;
				LD_RUNPATH_SEARCH_PATHS = (
					"$(inherited)",
					"@executable_path/Frameworks",
					"@loader_path/Frameworks",
				);
				PRODUCT_BUNDLE_IDENTIFIER = Laputa.LaputaTests;
				PRODUCT_NAME = "$(TARGET_NAME)";
				SWIFT_VERSION = 5.0;
				TARGETED_DEVICE_FAMILY = "1,2";
				TEST_HOST = "$(BUILT_PRODUCTS_DIR)/Laputa.app/Laputa";
			};
			name = Release;
		};
		1A64C8B925CA2EE80082FEA7 /* Debug */ = {
			isa = XCBuildConfiguration;
			baseConfigurationReference = 3259B6C9970937CC594AFB72 /* Pods-Laputa-LaputaUITests.debug.xcconfig */;
			buildSettings = {
				ALWAYS_EMBED_SWIFT_STANDARD_LIBRARIES = YES;
				CODE_SIGN_STYLE = Automatic;
				INFOPLIST_FILE = LaputaUITests/Info.plist;
				LD_RUNPATH_SEARCH_PATHS = (
					"$(inherited)",
					"@executable_path/Frameworks",
					"@loader_path/Frameworks",
				);
				PRODUCT_BUNDLE_IDENTIFIER = Laputa.LaputaUITests;
				PRODUCT_NAME = "$(TARGET_NAME)";
				SWIFT_VERSION = 5.0;
				TARGETED_DEVICE_FAMILY = "1,2";
				TEST_TARGET_NAME = Laputa;
			};
			name = Debug;
		};
		1A64C8BA25CA2EE80082FEA7 /* Release */ = {
			isa = XCBuildConfiguration;
			baseConfigurationReference = 1F7A9745EB48293FC97314FC /* Pods-Laputa-LaputaUITests.release.xcconfig */;
			buildSettings = {
				ALWAYS_EMBED_SWIFT_STANDARD_LIBRARIES = YES;
				CODE_SIGN_STYLE = Automatic;
				INFOPLIST_FILE = LaputaUITests/Info.plist;
				LD_RUNPATH_SEARCH_PATHS = (
					"$(inherited)",
					"@executable_path/Frameworks",
					"@loader_path/Frameworks",
				);
				PRODUCT_BUNDLE_IDENTIFIER = Laputa.LaputaUITests;
				PRODUCT_NAME = "$(TARGET_NAME)";
				SWIFT_VERSION = 5.0;
				TARGETED_DEVICE_FAMILY = "1,2";
				TEST_TARGET_NAME = Laputa;
			};
			name = Release;
		};
/* End XCBuildConfiguration section */

/* Begin XCConfigurationList section */
		1A64C88325CA2EE50082FEA7 /* Build configuration list for PBXProject "Laputa" */ = {
			isa = XCConfigurationList;
			buildConfigurations = (
				1A64C8B025CA2EE80082FEA7 /* Debug */,
				1A64C8B125CA2EE80082FEA7 /* Release */,
			);
			defaultConfigurationIsVisible = 0;
			defaultConfigurationName = Release;
		};
		1A64C8B225CA2EE80082FEA7 /* Build configuration list for PBXNativeTarget "Laputa" */ = {
			isa = XCConfigurationList;
			buildConfigurations = (
				1A64C8B325CA2EE80082FEA7 /* Debug */,
				1A64C8B425CA2EE80082FEA7 /* Release */,
			);
			defaultConfigurationIsVisible = 0;
			defaultConfigurationName = Release;
		};
		1A64C8B525CA2EE80082FEA7 /* Build configuration list for PBXNativeTarget "LaputaTests" */ = {
			isa = XCConfigurationList;
			buildConfigurations = (
				1A64C8B625CA2EE80082FEA7 /* Debug */,
				1A64C8B725CA2EE80082FEA7 /* Release */,
			);
			defaultConfigurationIsVisible = 0;
			defaultConfigurationName = Release;
		};
		1A64C8B825CA2EE80082FEA7 /* Build configuration list for PBXNativeTarget "LaputaUITests" */ = {
			isa = XCConfigurationList;
			buildConfigurations = (
				1A64C8B925CA2EE80082FEA7 /* Debug */,
				1A64C8BA25CA2EE80082FEA7 /* Release */,
			);
			defaultConfigurationIsVisible = 0;
			defaultConfigurationName = Release;
		};
/* End XCConfigurationList section */

/* Begin XCRemoteSwiftPackageReference section */
		1A24CDBE25D4B15F0044044F /* XCRemoteSwiftPackageReference "SwiftTerm" */ = {
			isa = XCRemoteSwiftPackageReference;
			repositoryURL = "https://github.com/migueldeicaza/SwiftTerm";
			requirement = {
				branch = master;
				kind = branch;
			};
		};
/* End XCRemoteSwiftPackageReference section */

/* Begin XCSwiftPackageProductDependency section */
		1A24CDBF25D4B15F0044044F /* SwiftTerm */ = {
			isa = XCSwiftPackageProductDependency;
			package = 1A24CDBE25D4B15F0044044F /* XCRemoteSwiftPackageReference "SwiftTerm" */;
			productName = SwiftTerm;
		};
/* End XCSwiftPackageProductDependency section */

/* Begin XCVersionGroup section */
		1A64C89625CA2EE80082FEA7 /* Laputa.xcdatamodeld */ = {
			isa = XCVersionGroup;
			children = (
				1A64C89725CA2EE80082FEA7 /* Laputa.xcdatamodel */,
			);
			currentVersion = 1A64C89725CA2EE80082FEA7 /* Laputa.xcdatamodel */;
			path = Laputa.xcdatamodeld;
			sourceTree = "<group>";
			versionGroupType = wrapper.xcdatamodel;
		};
/* End XCVersionGroup section */
	};
	rootObject = 1A64C88025CA2EE50082FEA7 /* Project object */;
}
