// !$*UTF8*$!
{
	archiveVersion = 1;
	classes = {
	};
	objectVersion = 50;
	objects = {

/* Begin PBXBuildFile section */
		1A64C88C25CA2EE50082FEA7 /* LaputaApp.swift in Sources */ = {isa = PBXBuildFile; fileRef = 1A64C88B25CA2EE50082FEA7 /* LaputaApp.swift */; };
		1A64C88E25CA2EE50082FEA7 /* ContentView.swift in Sources */ = {isa = PBXBuildFile; fileRef = 1A64C88D25CA2EE50082FEA7 /* ContentView.swift */; };
		1A64C89025CA2EE80082FEA7 /* Assets.xcassets in Resources */ = {isa = PBXBuildFile; fileRef = 1A64C88F25CA2EE80082FEA7 /* Assets.xcassets */; };
		1A64C89325CA2EE80082FEA7 /* Preview Assets.xcassets in Resources */ = {isa = PBXBuildFile; fileRef = 1A64C89225CA2EE80082FEA7 /* Preview Assets.xcassets */; };
		1A64C89525CA2EE80082FEA7 /* Persistence.swift in Sources */ = {isa = PBXBuildFile; fileRef = 1A64C89425CA2EE80082FEA7 /* Persistence.swift */; };
		1A64C89825CA2EE80082FEA7 /* Laputa.xcdatamodeld in Sources */ = {isa = PBXBuildFile; fileRef = 1A64C89625CA2EE80082FEA7 /* Laputa.xcdatamodeld */; };
		1A64C8A325CA2EE80082FEA7 /* LaputaTests.swift in Sources */ = {isa = PBXBuildFile; fileRef = 1A64C8A225CA2EE80082FEA7 /* LaputaTests.swift */; };
		1A64C8AE25CA2EE80082FEA7 /* LaputaUITests.swift in Sources */ = {isa = PBXBuildFile; fileRef = 1A64C8AD25CA2EE80082FEA7 /* LaputaUITests.swift */; };
/* End PBXBuildFile section */

/* Begin PBXContainerItemProxy section */
		1A64C89F25CA2EE80082FEA7 /* PBXContainerItemProxy */ = {
			isa = PBXContainerItemProxy;
			containerPortal = 1A64C88025CA2EE50082FEA7 /* Project object */;
			proxyType = 1;
			remoteGlobalIDString = 1A64C88725CA2EE50082FEA7;
			remoteInfo = Laputa;
		};
		1A64C8AA25CA2EE80082FEA7 /* PBXContainerItemProxy */ = {
			isa = PBXContainerItemProxy;
			containerPortal = 1A64C88025CA2EE50082FEA7 /* Project object */;
			proxyType = 1;
			remoteGlobalIDString = 1A64C88725CA2EE50082FEA7;
			remoteInfo = Laputa;
		};
/* End PBXContainerItemProxy section */

/* Begin PBXFileReference section */
		1A64C88825CA2EE50082FEA7 /* Laputa.app */ = {isa = PBXFileReference; explicitFileType = wrapper.application; includeInIndex = 0; path = Laputa.app; sourceTree = BUILT_PRODUCTS_DIR; };
		1A64C88B25CA2EE50082FEA7 /* LaputaApp.swift */ = {isa = PBXFileReference; lastKnownFileType = sourcecode.swift; path = LaputaApp.swift; sourceTree = "<group>"; };
		1A64C88D25CA2EE50082FEA7 /* ContentView.swift */ = {isa = PBXFileReference; lastKnownFileType = sourcecode.swift; path = ContentView.swift; sourceTree = "<group>"; };
		1A64C88F25CA2EE80082FEA7 /* Assets.xcassets */ = {isa = PBXFileReference; lastKnownFileType = folder.assetcatalog; path = Assets.xcassets; sourceTree = "<group>"; };
		1A64C89225CA2EE80082FEA7 /* Preview Assets.xcassets */ = {isa = PBXFileReference; lastKnownFileType = folder.assetcatalog; path = "Preview Assets.xcassets"; sourceTree = "<group>"; };
		1A64C89425CA2EE80082FEA7 /* Persistence.swift */ = {isa = PBXFileReference; lastKnownFileType = sourcecode.swift; path = Persistence.swift; sourceTree = "<group>"; };
		1A64C89725CA2EE80082FEA7 /* Laputa.xcdatamodel */ = {isa = PBXFileReference; lastKnownFileType = wrapper.xcdatamodel; path = Laputa.xcdatamodel; sourceTree = "<group>"; };
		1A64C89925CA2EE80082FEA7 /* Info.plist */ = {isa = PBXFileReference; lastKnownFileType = text.plist.xml; path = Info.plist; sourceTree = "<group>"; };
		1A64C89E25CA2EE80082FEA7 /* LaputaTests.xctest */ = {isa = PBXFileReference; explicitFileType = wrapper.cfbundle; includeInIndex = 0; path = LaputaTests.xctest; sourceTree = BUILT_PRODUCTS_DIR; };
		1A64C8A225CA2EE80082FEA7 /* LaputaTests.swift */ = {isa = PBXFileReference; lastKnownFileType = sourcecode.swift; path = LaputaTests.swift; sourceTree = "<group>"; };
		1A64C8A425CA2EE80082FEA7 /* Info.plist */ = {isa = PBXFileReference; lastKnownFileType = text.plist.xml; path = Info.plist; sourceTree = "<group>"; };
		1A64C8A925CA2EE80082FEA7 /* LaputaUITests.xctest */ = {isa = PBXFileReference; explicitFileType = wrapper.cfbundle; includeInIndex = 0; path = LaputaUITests.xctest; sourceTree = BUILT_PRODUCTS_DIR; };
		1A64C8AD25CA2EE80082FEA7 /* LaputaUITests.swift */ = {isa = PBXFileReference; lastKnownFileType = sourcecode.swift; path = LaputaUITests.swift; sourceTree = "<group>"; };
		1A64C8AF25CA2EE80082FEA7 /* Info.plist */ = {isa = PBXFileReference; lastKnownFileType = text.plist.xml; path = Info.plist; sourceTree = "<group>"; };
/* End PBXFileReference section */

/* Begin PBXFrameworksBuildPhase section */
		1A64C88525CA2EE50082FEA7 /* Frameworks */ = {
			isa = PBXFrameworksBuildPhase;
			buildActionMask = 2147483647;
			files = (
			);
			runOnlyForDeploymentPostprocessing = 0;
		};
		1A64C89B25CA2EE80082FEA7 /* Frameworks */ = {
			isa = PBXFrameworksBuildPhase;
			buildActionMask = 2147483647;
			files = (
			);
			runOnlyForDeploymentPostprocessing = 0;
		};
		1A64C8A625CA2EE80082FEA7 /* Frameworks */ = {
			isa = PBXFrameworksBuildPhase;
			buildActionMask = 2147483647;
			files = (
			);
			runOnlyForDeploymentPostprocessing = 0;
		};
/* End PBXFrameworksBuildPhase section */

/* Begin PBXGroup section */
		1A64C87F25CA2EE50082FEA7 = {
			isa = PBXGroup;
			children = (
				1A64C88A25CA2EE50082FEA7 /* Laputa */,
				1A64C8A125CA2EE80082FEA7 /* LaputaTests */,
				1A64C8AC25CA2EE80082FEA7 /* LaputaUITests */,
				1A64C88925CA2EE50082FEA7 /* Products */,
			);
			sourceTree = "<group>";
		};
		1A64C88925CA2EE50082FEA7 /* Products */ = {
			isa = PBXGroup;
			children = (
				1A64C88825CA2EE50082FEA7 /* Laputa.app */,
				1A64C89E25CA2EE80082FEA7 /* LaputaTests.xctest */,
				1A64C8A925CA2EE80082FEA7 /* LaputaUITests.xctest */,
			);
			name = Products;
			sourceTree = "<group>";
		};
		1A64C88A25CA2EE50082FEA7 /* Laputa */ = {
			isa = PBXGroup;
			children = (
				1A64C88B25CA2EE50082FEA7 /* LaputaApp.swift */,
				1A64C88D25CA2EE50082FEA7 /* ContentView.swift */,
				1A64C88F25CA2EE80082FEA7 /* Assets.xcassets */,
				1A64C89425CA2EE80082FEA7 /* Persistence.swift */,
				1A64C89925CA2EE80082FEA7 /* Info.plist */,
				1A64C89625CA2EE80082FEA7 /* Laputa.xcdatamodeld */,
				1A64C89125CA2EE80082FEA7 /* Preview Content */,
			);
			path = Laputa;
			sourceTree = "<group>";
		};
		1A64C89125CA2EE80082FEA7 /* Preview Content */ = {
			isa = PBXGroup;
			children = (
				1A64C89225CA2EE80082FEA7 /* Preview Assets.xcassets */,
			);
			path = "Preview Content";
			sourceTree = "<group>";
		};
		1A64C8A125CA2EE80082FEA7 /* LaputaTests */ = {
			isa = PBXGroup;
			children = (
				1A64C8A225CA2EE80082FEA7 /* LaputaTests.swift */,
				1A64C8A425CA2EE80082FEA7 /* Info.plist */,
			);
			path = LaputaTests;
			sourceTree = "<group>";
		};
		1A64C8AC25CA2EE80082FEA7 /* LaputaUITests */ = {
			isa = PBXGroup;
			children = (
				1A64C8AD25CA2EE80082FEA7 /* LaputaUITests.swift */,
				1A64C8AF25CA2EE80082FEA7 /* Info.plist */,
			);
			path = LaputaUITests;
			sourceTree = "<group>";
		};
/* End PBXGroup section */

/* Begin PBXNativeTarget section */
		1A64C88725CA2EE50082FEA7 /* Laputa */ = {
			isa = PBXNativeTarget;
			buildConfigurationList = 1A64C8B225CA2EE80082FEA7 /* Build configuration list for PBXNativeTarget "Laputa" */;
			buildPhases = (
				1A64C88425CA2EE50082FEA7 /* Sources */,
				1A64C88525CA2EE50082FEA7 /* Frameworks */,
				1A64C88625CA2EE50082FEA7 /* Resources */,
			);
			buildRules = (
			);
			dependencies = (
			);
			name = Laputa;
			productName = Laputa;
			productReference = 1A64C88825CA2EE50082FEA7 /* Laputa.app */;
			productType = "com.apple.product-type.application";
		};
		1A64C89D25CA2EE80082FEA7 /* LaputaTests */ = {
			isa = PBXNativeTarget;
			buildConfigurationList = 1A64C8B525CA2EE80082FEA7 /* Build configuration list for PBXNativeTarget "LaputaTests" */;
			buildPhases = (
				1A64C89A25CA2EE80082FEA7 /* Sources */,
				1A64C89B25CA2EE80082FEA7 /* Frameworks */,
				1A64C89C25CA2EE80082FEA7 /* Resources */,
			);
			buildRules = (
			);
			dependencies = (
				1A64C8A025CA2EE80082FEA7 /* PBXTargetDependency */,
			);
			name = LaputaTests;
			productName = LaputaTests;
			productReference = 1A64C89E25CA2EE80082FEA7 /* LaputaTests.xctest */;
			productType = "com.apple.product-type.bundle.unit-test";
		};
		1A64C8A825CA2EE80082FEA7 /* LaputaUITests */ = {
			isa = PBXNativeTarget;
			buildConfigurationList = 1A64C8B825CA2EE80082FEA7 /* Build configuration list for PBXNativeTarget "LaputaUITests" */;
			buildPhases = (
				1A64C8A525CA2EE80082FEA7 /* Sources */,
				1A64C8A625CA2EE80082FEA7 /* Frameworks */,
				1A64C8A725CA2EE80082FEA7 /* Resources */,
			);
			buildRules = (
			);
			dependencies = (
				1A64C8AB25CA2EE80082FEA7 /* PBXTargetDependency */,
			);
			name = LaputaUITests;
			productName = LaputaUITests;
			productReference = 1A64C8A925CA2EE80082FEA7 /* LaputaUITests.xctest */;
			productType = "com.apple.product-type.bundle.ui-testing";
		};
/* End PBXNativeTarget section */

/* Begin PBXProject section */
		1A64C88025CA2EE50082FEA7 /* Project object */ = {
			isa = PBXProject;
			attributes = {
				LastSwiftUpdateCheck = 1240;
				LastUpgradeCheck = 1240;
				TargetAttributes = {
					1A64C88725CA2EE50082FEA7 = {
						CreatedOnToolsVersion = 12.4;
					};
					1A64C89D25CA2EE80082FEA7 = {
						CreatedOnToolsVersion = 12.4;
						TestTargetID = 1A64C88725CA2EE50082FEA7;
					};
					1A64C8A825CA2EE80082FEA7 = {
						CreatedOnToolsVersion = 12.4;
						TestTargetID = 1A64C88725CA2EE50082FEA7;
					};
				};
			};
			buildConfigurationList = 1A64C88325CA2EE50082FEA7 /* Build configuration list for PBXProject "Laputa" */;
			compatibilityVersion = "Xcode 9.3";
			developmentRegion = en;
			hasScannedForEncodings = 0;
			knownRegions = (
				en,
				Base,
			);
			mainGroup = 1A64C87F25CA2EE50082FEA7;
			productRefGroup = 1A64C88925CA2EE50082FEA7 /* Products */;
			projectDirPath = "";
			projectRoot = "";
			targets = (
				1A64C88725CA2EE50082FEA7 /* Laputa */,
				1A64C89D25CA2EE80082FEA7 /* LaputaTests */,
				1A64C8A825CA2EE80082FEA7 /* LaputaUITests */,
			);
		};
/* End PBXProject section */

/* Begin PBXResourcesBuildPhase section */
		1A64C88625CA2EE50082FEA7 /* Resources */ = {
			isa = PBXResourcesBuildPhase;
			buildActionMask = 2147483647;
			files = (
				1A64C89325CA2EE80082FEA7 /* Preview Assets.xcassets in Resources */,
				1A64C89025CA2EE80082FEA7 /* Assets.xcassets in Resources */,
			);
			runOnlyForDeploymentPostprocessing = 0;
		};
		1A64C89C25CA2EE80082FEA7 /* Resources */ = {
			isa = PBXResourcesBuildPhase;
			buildActionMask = 2147483647;
			files = (
			);
			runOnlyForDeploymentPostprocessing = 0;
		};
		1A64C8A725CA2EE80082FEA7 /* Resources */ = {
			isa = PBXResourcesBuildPhase;
			buildActionMask = 2147483647;
			files = (
			);
			runOnlyForDeploymentPostprocessing = 0;
		};
/* End PBXResourcesBuildPhase section */

/* Begin PBXSourcesBuildPhase section */
		1A64C88425CA2EE50082FEA7 /* Sources */ = {
			isa = PBXSourcesBuildPhase;
			buildActionMask = 2147483647;
			files = (
				1A64C89525CA2EE80082FEA7 /* Persistence.swift in Sources */,
				1A64C88E25CA2EE50082FEA7 /* ContentView.swift in Sources */,
				1A64C89825CA2EE80082FEA7 /* Laputa.xcdatamodeld in Sources */,
				1A64C88C25CA2EE50082FEA7 /* LaputaApp.swift in Sources */,
			);
			runOnlyForDeploymentPostprocessing = 0;
		};
		1A64C89A25CA2EE80082FEA7 /* Sources */ = {
			isa = PBXSourcesBuildPhase;
			buildActionMask = 2147483647;
			files = (
				1A64C8A325CA2EE80082FEA7 /* LaputaTests.swift in Sources */,
			);
			runOnlyForDeploymentPostprocessing = 0;
		};
		1A64C8A525CA2EE80082FEA7 /* Sources */ = {
			isa = PBXSourcesBuildPhase;
			buildActionMask = 2147483647;
			files = (
				1A64C8AE25CA2EE80082FEA7 /* LaputaUITests.swift in Sources */,
			);
			runOnlyForDeploymentPostprocessing = 0;
		};
/* End PBXSourcesBuildPhase section */

/* Begin PBXTargetDependency section */
		1A64C8A025CA2EE80082FEA7 /* PBXTargetDependency */ = {
			isa = PBXTargetDependency;
			target = 1A64C88725CA2EE50082FEA7 /* Laputa */;
			targetProxy = 1A64C89F25CA2EE80082FEA7 /* PBXContainerItemProxy */;
		};
		1A64C8AB25CA2EE80082FEA7 /* PBXTargetDependency */ = {
			isa = PBXTargetDependency;
			target = 1A64C88725CA2EE50082FEA7 /* Laputa */;
			targetProxy = 1A64C8AA25CA2EE80082FEA7 /* PBXContainerItemProxy */;
		};
/* End PBXTargetDependency section */

/* Begin XCBuildConfiguration section */
		1A64C8B025CA2EE80082FEA7 /* Debug */ = {
			isa = XCBuildConfiguration;
			buildSettings = {
				ALWAYS_SEARCH_USER_PATHS = NO;
				CLANG_ANALYZER_NONNULL = YES;
				CLANG_ANALYZER_NUMBER_OBJECT_CONVERSION = YES_AGGRESSIVE;
				CLANG_CXX_LANGUAGE_STANDARD = "gnu++14";
				CLANG_CXX_LIBRARY = "libc++";
				CLANG_ENABLE_MODULES = YES;
				CLANG_ENABLE_OBJC_ARC = YES;
				CLANG_ENABLE_OBJC_WEAK = YES;
				CLANG_WARN_BLOCK_CAPTURE_AUTORELEASING = YES;
				CLANG_WARN_BOOL_CONVERSION = YES;
				CLANG_WARN_COMMA = YES;
				CLANG_WARN_CONSTANT_CONVERSION = YES;
				CLANG_WARN_DEPRECATED_OBJC_IMPLEMENTATIONS = YES;
				CLANG_WARN_DIRECT_OBJC_ISA_USAGE = YES_ERROR;
				CLANG_WARN_DOCUMENTATION_COMMENTS = YES;
				CLANG_WARN_EMPTY_BODY = YES;
				CLANG_WARN_ENUM_CONVERSION = YES;
				CLANG_WARN_INFINITE_RECURSION = YES;
				CLANG_WARN_INT_CONVERSION = YES;
				CLANG_WARN_NON_LITERAL_NULL_CONVERSION = YES;
				CLANG_WARN_OBJC_IMPLICIT_RETAIN_SELF = YES;
				CLANG_WARN_OBJC_LITERAL_CONVERSION = YES;
				CLANG_WARN_OBJC_ROOT_CLASS = YES_ERROR;
				CLANG_WARN_QUOTED_INCLUDE_IN_FRAMEWORK_HEADER = YES;
				CLANG_WARN_RANGE_LOOP_ANALYSIS = YES;
				CLANG_WARN_STRICT_PROTOTYPES = YES;
				CLANG_WARN_SUSPICIOUS_MOVE = YES;
				CLANG_WARN_UNGUARDED_AVAILABILITY = YES_AGGRESSIVE;
				CLANG_WARN_UNREACHABLE_CODE = YES;
				CLANG_WARN__DUPLICATE_METHOD_MATCH = YES;
				COPY_PHASE_STRIP = NO;
				DEBUG_INFORMATION_FORMAT = dwarf;
				ENABLE_STRICT_OBJC_MSGSEND = YES;
				ENABLE_TESTABILITY = YES;
				GCC_C_LANGUAGE_STANDARD = gnu11;
				GCC_DYNAMIC_NO_PIC = NO;
				GCC_NO_COMMON_BLOCKS = YES;
				GCC_OPTIMIZATION_LEVEL = 0;
				GCC_PREPROCESSOR_DEFINITIONS = (
					"DEBUG=1",
					"$(inherited)",
				);
				GCC_WARN_64_TO_32_BIT_CONVERSION = YES;
				GCC_WARN_ABOUT_RETURN_TYPE = YES_ERROR;
				GCC_WARN_UNDECLARED_SELECTOR = YES;
				GCC_WARN_UNINITIALIZED_AUTOS = YES_AGGRESSIVE;
				GCC_WARN_UNUSED_FUNCTION = YES;
				GCC_WARN_UNUSED_VARIABLE = YES;
				IPHONEOS_DEPLOYMENT_TARGET = 14.4;
				MTL_ENABLE_DEBUG_INFO = INCLUDE_SOURCE;
				MTL_FAST_MATH = YES;
				ONLY_ACTIVE_ARCH = YES;
				SDKROOT = iphoneos;
				SWIFT_ACTIVE_COMPILATION_CONDITIONS = DEBUG;
				SWIFT_OPTIMIZATION_LEVEL = "-Onone";
			};
			name = Debug;
		};
		1A64C8B125CA2EE80082FEA7 /* Release */ = {
			isa = XCBuildConfiguration;
			buildSettings = {
				ALWAYS_SEARCH_USER_PATHS = NO;
				CLANG_ANALYZER_NONNULL = YES;
				CLANG_ANALYZER_NUMBER_OBJECT_CONVERSION = YES_AGGRESSIVE;
				CLANG_CXX_LANGUAGE_STANDARD = "gnu++14";
				CLANG_CXX_LIBRARY = "libc++";
				CLANG_ENABLE_MODULES = YES;
				CLANG_ENABLE_OBJC_ARC = YES;
				CLANG_ENABLE_OBJC_WEAK = YES;
				CLANG_WARN_BLOCK_CAPTURE_AUTORELEASING = YES;
				CLANG_WARN_BOOL_CONVERSION = YES;
				CLANG_WARN_COMMA = YES;
				CLANG_WARN_CONSTANT_CONVERSION = YES;
				CLANG_WARN_DEPRECATED_OBJC_IMPLEMENTATIONS = YES;
				CLANG_WARN_DIRECT_OBJC_ISA_USAGE = YES_ERROR;
				CLANG_WARN_DOCUMENTATION_COMMENTS = YES;
				CLANG_WARN_EMPTY_BODY = YES;
				CLANG_WARN_ENUM_CONVERSION = YES;
				CLANG_WARN_INFINITE_RECURSION = YES;
				CLANG_WARN_INT_CONVERSION = YES;
				CLANG_WARN_NON_LITERAL_NULL_CONVERSION = YES;
				CLANG_WARN_OBJC_IMPLICIT_RETAIN_SELF = YES;
				CLANG_WARN_OBJC_LITERAL_CONVERSION = YES;
				CLANG_WARN_OBJC_ROOT_CLASS = YES_ERROR;
				CLANG_WARN_QUOTED_INCLUDE_IN_FRAMEWORK_HEADER = YES;
				CLANG_WARN_RANGE_LOOP_ANALYSIS = YES;
				CLANG_WARN_STRICT_PROTOTYPES = YES;
				CLANG_WARN_SUSPICIOUS_MOVE = YES;
				CLANG_WARN_UNGUARDED_AVAILABILITY = YES_AGGRESSIVE;
				CLANG_WARN_UNREACHABLE_CODE = YES;
				CLANG_WARN__DUPLICATE_METHOD_MATCH = YES;
				COPY_PHASE_STRIP = NO;
				DEBUG_INFORMATION_FORMAT = "dwarf-with-dsym";
				ENABLE_NS_ASSERTIONS = NO;
				ENABLE_STRICT_OBJC_MSGSEND = YES;
				GCC_C_LANGUAGE_STANDARD = gnu11;
				GCC_NO_COMMON_BLOCKS = YES;
				GCC_WARN_64_TO_32_BIT_CONVERSION = YES;
				GCC_WARN_ABOUT_RETURN_TYPE = YES_ERROR;
				GCC_WARN_UNDECLARED_SELECTOR = YES;
				GCC_WARN_UNINITIALIZED_AUTOS = YES_AGGRESSIVE;
				GCC_WARN_UNUSED_FUNCTION = YES;
				GCC_WARN_UNUSED_VARIABLE = YES;
				IPHONEOS_DEPLOYMENT_TARGET = 14.4;
				MTL_ENABLE_DEBUG_INFO = NO;
				MTL_FAST_MATH = YES;
				SDKROOT = iphoneos;
				SWIFT_COMPILATION_MODE = wholemodule;
				SWIFT_OPTIMIZATION_LEVEL = "-O";
				VALIDATE_PRODUCT = YES;
			};
			name = Release;
		};
		1A64C8B325CA2EE80082FEA7 /* Debug */ = {
			isa = XCBuildConfiguration;
			buildSettings = {
				ASSETCATALOG_COMPILER_APPICON_NAME = AppIcon;
				ASSETCATALOG_COMPILER_GLOBAL_ACCENT_COLOR_NAME = AccentColor;
				CODE_SIGN_STYLE = Automatic;
				DEVELOPMENT_ASSET_PATHS = "\"Laputa/Preview Content\"";
				ENABLE_PREVIEWS = YES;
				INFOPLIST_FILE = Laputa/Info.plist;
				IPHONEOS_DEPLOYMENT_TARGET = 14.0;
				LD_RUNPATH_SEARCH_PATHS = (
					"$(inherited)",
					"@executable_path/Frameworks",
				);
				PRODUCT_BUNDLE_IDENTIFIER = Laputa.Laputa;
				PRODUCT_NAME = "$(TARGET_NAME)";
				SWIFT_VERSION = 5.0;
				TARGETED_DEVICE_FAMILY = "1,2";
			};
			name = Debug;
		};
		1A64C8B425CA2EE80082FEA7 /* Release */ = {
			isa = XCBuildConfiguration;
			buildSettings = {
				ASSETCATALOG_COMPILER_APPICON_NAME = AppIcon;
				ASSETCATALOG_COMPILER_GLOBAL_ACCENT_COLOR_NAME = AccentColor;
				CODE_SIGN_STYLE = Automatic;
				DEVELOPMENT_ASSET_PATHS = "\"Laputa/Preview Content\"";
				ENABLE_PREVIEWS = YES;
				INFOPLIST_FILE = Laputa/Info.plist;
				IPHONEOS_DEPLOYMENT_TARGET = 14.0;
				LD_RUNPATH_SEARCH_PATHS = (
					"$(inherited)",
					"@executable_path/Frameworks",
				);
				PRODUCT_BUNDLE_IDENTIFIER = Laputa.Laputa;
				PRODUCT_NAME = "$(TARGET_NAME)";
				SWIFT_VERSION = 5.0;
				TARGETED_DEVICE_FAMILY = "1,2";
			};
			name = Release;
		};
		1A64C8B625CA2EE80082FEA7 /* Debug */ = {
			isa = XCBuildConfiguration;
			buildSettings = {
				ALWAYS_EMBED_SWIFT_STANDARD_LIBRARIES = YES;
				BUNDLE_LOADER = "$(TEST_HOST)";
				CODE_SIGN_STYLE = Automatic;
				INFOPLIST_FILE = LaputaTests/Info.plist;
				IPHONEOS_DEPLOYMENT_TARGET = 14.0;
				LD_RUNPATH_SEARCH_PATHS = (
					"$(inherited)",
					"@executable_path/Frameworks",
					"@loader_path/Frameworks",
				);
				PRODUCT_BUNDLE_IDENTIFIER = Laputa.LaputaTests;
				PRODUCT_NAME = "$(TARGET_NAME)";
				SWIFT_VERSION = 5.0;
				TARGETED_DEVICE_FAMILY = "1,2";
				TEST_HOST = "$(BUILT_PRODUCTS_DIR)/Laputa.app/Laputa";
			};
			name = Debug;
		};
		1A64C8B725CA2EE80082FEA7 /* Release */ = {
			isa = XCBuildConfiguration;
			buildSettings = {
				ALWAYS_EMBED_SWIFT_STANDARD_LIBRARIES = YES;
				BUNDLE_LOADER = "$(TEST_HOST)";
				CODE_SIGN_STYLE = Automatic;
				INFOPLIST_FILE = LaputaTests/Info.plist;
				IPHONEOS_DEPLOYMENT_TARGET = 14.0;
				LD_RUNPATH_SEARCH_PATHS = (
					"$(inherited)",
					"@executable_path/Frameworks",
					"@loader_path/Frameworks",
				);
				PRODUCT_BUNDLE_IDENTIFIER = Laputa.LaputaTests;
				PRODUCT_NAME = "$(TARGET_NAME)";
				SWIFT_VERSION = 5.0;
				TARGETED_DEVICE_FAMILY = "1,2";
				TEST_HOST = "$(BUILT_PRODUCTS_DIR)/Laputa.app/Laputa";
			};
			name = Release;
		};
		1A64C8B925CA2EE80082FEA7 /* Debug */ = {
			isa = XCBuildConfiguration;
			buildSettings = {
				ALWAYS_EMBED_SWIFT_STANDARD_LIBRARIES = YES;
				CODE_SIGN_STYLE = Automatic;
				INFOPLIST_FILE = LaputaUITests/Info.plist;
				LD_RUNPATH_SEARCH_PATHS = (
					"$(inherited)",
					"@executable_path/Frameworks",
					"@loader_path/Frameworks",
				);
				PRODUCT_BUNDLE_IDENTIFIER = Laputa.LaputaUITests;
				PRODUCT_NAME = "$(TARGET_NAME)";
				SWIFT_VERSION = 5.0;
				TARGETED_DEVICE_FAMILY = "1,2";
				TEST_TARGET_NAME = Laputa;
			};
			name = Debug;
		};
		1A64C8BA25CA2EE80082FEA7 /* Release */ = {
			isa = XCBuildConfiguration;
			buildSettings = {
				ALWAYS_EMBED_SWIFT_STANDARD_LIBRARIES = YES;
				CODE_SIGN_STYLE = Automatic;
				INFOPLIST_FILE = LaputaUITests/Info.plist;
				LD_RUNPATH_SEARCH_PATHS = (
					"$(inherited)",
					"@executable_path/Frameworks",
					"@loader_path/Frameworks",
				);
				PRODUCT_BUNDLE_IDENTIFIER = Laputa.LaputaUITests;
				PRODUCT_NAME = "$(TARGET_NAME)";
				SWIFT_VERSION = 5.0;
				TARGETED_DEVICE_FAMILY = "1,2";
				TEST_TARGET_NAME = Laputa;
			};
			name = Release;
		};
/* End XCBuildConfiguration section */

/* Begin XCConfigurationList section */
		1A64C88325CA2EE50082FEA7 /* Build configuration list for PBXProject "Laputa" */ = {
			isa = XCConfigurationList;
			buildConfigurations = (
				1A64C8B025CA2EE80082FEA7 /* Debug */,
				1A64C8B125CA2EE80082FEA7 /* Release */,
			);
			defaultConfigurationIsVisible = 0;
			defaultConfigurationName = Release;
		};
		1A64C8B225CA2EE80082FEA7 /* Build configuration list for PBXNativeTarget "Laputa" */ = {
			isa = XCConfigurationList;
			buildConfigurations = (
				1A64C8B325CA2EE80082FEA7 /* Debug */,
				1A64C8B425CA2EE80082FEA7 /* Release */,
			);
			defaultConfigurationIsVisible = 0;
			defaultConfigurationName = Release;
		};
		1A64C8B525CA2EE80082FEA7 /* Build configuration list for PBXNativeTarget "LaputaTests" */ = {
			isa = XCConfigurationList;
			buildConfigurations = (
				1A64C8B625CA2EE80082FEA7 /* Debug */,
				1A64C8B725CA2EE80082FEA7 /* Release */,
			);
			defaultConfigurationIsVisible = 0;
			defaultConfigurationName = Release;
		};
		1A64C8B825CA2EE80082FEA7 /* Build configuration list for PBXNativeTarget "LaputaUITests" */ = {
			isa = XCConfigurationList;
			buildConfigurations = (
				1A64C8B925CA2EE80082FEA7 /* Debug */,
				1A64C8BA25CA2EE80082FEA7 /* Release */,
			);
			defaultConfigurationIsVisible = 0;
			defaultConfigurationName = Release;
		};
/* End XCConfigurationList section */

/* Begin XCVersionGroup section */
		1A64C89625CA2EE80082FEA7 /* Laputa.xcdatamodeld */ = {
			isa = XCVersionGroup;
			children = (
				1A64C89725CA2EE80082FEA7 /* Laputa.xcdatamodel */,
			);
			currentVersion = 1A64C89725CA2EE80082FEA7 /* Laputa.xcdatamodel */;
			path = Laputa.xcdatamodeld;
			sourceTree = "<group>";
			versionGroupType = wrapper.xcdatamodel;
		};
/* End XCVersionGroup section */
	};
	rootObject = 1A64C88025CA2EE50082FEA7 /* Project object */;
}
